
Microsoft Visual Studio Solution File, Format Version 12.00
# Visual Studio 15
VisualStudioVersion = 15.0.28307.1259
MinimumVisualStudioVersion = 10.0.40219.1
Project("{8BC9CEB8-8B4A-11D0-8D11-00A0C91BC942}") = "1000", "1000\1000.vcxproj", "{200BDA17-4902-442D-93FC-94BA3DCC675F}"
EndProject
Project("{8BC9CEB8-8B4A-11D0-8D11-00A0C91BC942}") = "1012", "1012\1012.vcxproj", "{FA97A3E8-710E-49DC-B6CE-1E3DAE34D5BD}"
EndProject
Project("{8BC9CEB8-8B4A-11D0-8D11-00A0C91BC942}") = "1013", "1013\1013.vcxproj", "{5433D70C-2891-4E66-8A4C-5899E6ED7DBE}"
EndProject
Global
	GlobalSection(SolutionConfigurationPlatforms) = preSolution
		Debug|x64 = Debug|x64
		Debug|x86 = Debug|x86
		Release|x64 = Release|x64
		Release|x86 = Release|x86
	EndGlobalSection
	GlobalSection(ProjectConfigurationPlatforms) = postSolution
		{200BDA17-4902-442D-93FC-94BA3DCC675F}.Debug|x64.ActiveCfg = Debug|x64
		{200BDA17-4902-442D-93FC-94BA3DCC675F}.Debug|x64.Build.0 = Debug|x64
		{200BDA17-4902-442D-93FC-94BA3DCC675F}.Debug|x86.ActiveCfg = Debug|Win32
		{200BDA17-4902-442D-93FC-94BA3DCC675F}.Debug|x86.Build.0 = Debug|Win32
		{200BDA17-4902-442D-93FC-94BA3DCC675F}.Release|x64.ActiveCfg = Release|x64
		{200BDA17-4902-442D-93FC-94BA3DCC675F}.Release|x64.Build.0 = Release|x64
		{200BDA17-4902-442D-93FC-94BA3DCC675F}.Release|x86.ActiveCfg = Release|Win32
		{200BDA17-4902-442D-93FC-94BA3DCC675F}.Release|x86.Build.0 = Release|Win32
		{FA97A3E8-710E-49DC-B6CE-1E3DAE34D5BD}.Debug|x64.ActiveCfg = Debug|x64
		{FA97A3E8-710E-49DC-B6CE-1E3DAE34D5BD}.Debug|x64.Build.0 = Debug|x64
		{FA97A3E8-710E-49DC-B6CE-1E3DAE34D5BD}.Debug|x86.ActiveCfg = Debug|Win32
		{FA97A3E8-710E-49DC-B6CE-1E3DAE34D5BD}.Debug|x86.Build.0 = Debug|Win32
		{FA97A3E8-710E-49DC-B6CE-1E3DAE34D5BD}.Release|x64.ActiveCfg = Release|x64
		{FA97A3E8-710E-49DC-B6CE-1E3DAE34D5BD}.Release|x64.Build.0 = Release|x64
		{FA97A3E8-710E-49DC-B6CE-1E3DAE34D5BD}.Release|x86.ActiveCfg = Release|Win32
		{FA97A3E8-710E-49DC-B6CE-1E3DAE34D5BD}.Release|x86.Build.0 = Release|Win32
		{5433D70C-2891-4E66-8A4C-5899E6ED7DBE}.Debug|x64.ActiveCfg = Debug|x64
		{5433D70C-2891-4E66-8A4C-5899E6ED7DBE}.Debug|x64.Build.0 = Debug|x64
		{5433D70C-2891-4E66-8A4C-5899E6ED7DBE}.Debug|x86.ActiveCfg = Debug|Win32
		{5433D70C-2891-4E66-8A4C-5899E6ED7DBE}.Debug|x86.Build.0 = Debug|Win32
		{5433D70C-2891-4E66-8A4C-5899E6ED7DBE}.Release|x64.ActiveCfg = Release|x64
		{5433D70C-2891-4E66-8A4C-5899E6ED7DBE}.Release|x64.Build.0 = Release|x64
		{5433D70C-2891-4E66-8A4C-5899E6ED7DBE}.Release|x86.ActiveCfg = Release|Win32
		{5433D70C-2891-4E66-8A4C-5899E6ED7DBE}.Release|x86.Build.0 = Release|Win32
	EndGlobalSection
	GlobalSection(SolutionProperties) = preSolution
		HideSolutionNode = FALSE
	EndGlobalSection
	GlobalSection(ExtensibilityGlobals) = postSolution
		SolutionGuid = {2F4CBE2D-C492-4343-B7D4-CFF9CAA3655E}
	EndGlobalSection
EndGlobal
