
Microsoft Visual Studio Solution File, Format Version 12.00
# Visual Studio 15
VisualStudioVersion = 15.0.28307.1259
MinimumVisualStudioVersion = 10.0.40219.1
Project("{8BC9CEB8-8B4A-11D0-8D11-00A0C91BC942}") = "1000", "1000\1000.vcxproj", "{200BDA17-4902-442D-93FC-94BA3DCC675F}"
EndProject
Project("{8BC9CEB8-8B4A-11D0-8D11-00A0C91BC942}") = "1012", "1012\1012.vcxproj", "{FA97A3E8-710E-49DC-B6CE-1E3DAE34D5BD}"
EndProject
Project("{8BC9CEB8-8B4A-11D0-8D11-00A0C91BC942}") = "1013", "1013\1013.vcxproj", "{5433D70C-2891-4E66-8A4C-5899E6ED7DBE}"
EndProject
Project("{8BC9CEB8-8B4A-11D0-8D11-00A0C91BC942}") = "1015", "1015\1015.vcxproj", "{FA5C2ABF-4400-4CE1-B8E8-9B9158421C27}"
EndProject
Project("{8BC9CEB8-8B4A-11D0-8D11-00A0C91BC942}") = "1018", "1018\1018.vcxproj", "{7F08DB69-7EF2-4C6D-B3EE-AB6B72C5F0CF}"
EndProject
Project("{8BC9CEB8-8B4A-11D0-8D11-00A0C91BC942}") = "1019", "1019\1019.vcxproj", "{48D5183A-07EC-4CBA-BF5E-689D7DE48D22}"
EndProject
Project("{8BC9CEB8-8B4A-11D0-8D11-00A0C91BC942}") = "1021", "1021\1021.vcxproj", "{3E8E97B7-9501-490E-BAE0-E62617BBCC8F}"
EndProject
Project("{8BC9CEB8-8B4A-11D0-8D11-00A0C91BC942}") = "10926", "10926\10926.vcxproj", "{C84D2B4B-8B75-4513-BC7A-B8CE5E4B5200}"
EndProject
Project("{8BC9CEB8-8B4A-11D0-8D11-00A0C91BC942}") = "18108", "18108\18108.vcxproj", "{B46FC79E-C718-4593-AD90-5311CEAC35CC}"
EndProject
Project("{8BC9CEB8-8B4A-11D0-8D11-00A0C91BC942}") = "9498", "9498\9498.vcxproj", "{D3FFB467-C9A1-4D09-A983-5752CCAAB50E}"
EndProject
Project("{8BC9CEB8-8B4A-11D0-8D11-00A0C91BC942}") = "1022", "1022\1022.vcxproj", "{49A078A0-A657-4F4B-B060-2A66B1FAFF6F}"
EndProject
Project("{8BC9CEB8-8B4A-11D0-8D11-00A0C91BC942}") = "1024", "1024\1024.vcxproj", "{256EEC50-9A90-458A-A68D-1CD8E19F0541}"
EndProject
Project("{8BC9CEB8-8B4A-11D0-8D11-00A0C91BC942}") = "2753", "2753\2753.vcxproj", "{453E797B-2FDF-4CB2-B566-8DC33C044C5B}"
EndProject
Project("{8BC9CEB8-8B4A-11D0-8D11-00A0C91BC942}") = "1001", "1001\1001.vcxproj", "{5A2A3584-E450-4E87-A6DB-9069C4FDA915}"
EndProject
Project("{8BC9CEB8-8B4A-11D0-8D11-00A0C91BC942}") = "1002", "1002\1002.vcxproj", "{1778CF16-C69A-4AF4-93BA-D188F49D2A02}"
EndProject
Project("{8BC9CEB8-8B4A-11D0-8D11-00A0C91BC942}") = "14681", "14681\14681.vcxproj", "{AAA0A196-0A10-4760-92C4-98257B490878}"
EndProject
Project("{8BC9CEB8-8B4A-11D0-8D11-00A0C91BC942}") = "1003", "1003\1003.vcxproj", "{31E7337C-6900-4040-B1AD-2DF14A2F9E6E}"
EndProject
Project("{8BC9CEB8-8B4A-11D0-8D11-00A0C91BC942}") = "1004", "1004\1004.vcxproj", "{8D35339D-F519-4967-9670-25DAAC4293DF}"
EndProject
Project("{8BC9CEB8-8B4A-11D0-8D11-00A0C91BC942}") = "2884", "2884\2884.vcxproj", "{AC6D84E3-49E5-4C3E-B00D-EACC38EBFDF0}"
EndProject
Project("{8BC9CEB8-8B4A-11D0-8D11-00A0C91BC942}") = "1005", "1005\1005.vcxproj", "{01A99EFA-FDD0-47FD-8972-B02D440732DD}"
EndProject
Project("{8BC9CEB8-8B4A-11D0-8D11-00A0C91BC942}") = "1008", "1008\1008.vcxproj", "{26177FB4-6287-4713-8258-6779EE359C6E}"
EndProject
Project("{8BC9CEB8-8B4A-11D0-8D11-00A0C91BC942}") = "1025", "1025\1025.vcxproj", "{ECCC49DA-4143-416B-BA1A-906E9C9F1F48}"
EndProject
Project("{8BC9CEB8-8B4A-11D0-8D11-00A0C91BC942}") = "2739", "2739\2739.vcxproj", "{5DE835A0-EEB7-4994-952C-5D4BEB81FEA1}"
EndProject
Project("{8BC9CEB8-8B4A-11D0-8D11-00A0C91BC942}") = "1835", "1835\1835.vcxproj", "{A1453E3E-9F26-4E4F-B041-9922644036C5}"
EndProject
Project("{8BC9CEB8-8B4A-11D0-8D11-00A0C91BC942}") = "1009", "1009\1009.vcxproj", "{A807FFAE-7E0C-4A17-AE50-0CF51ECFE49D}"
EndProject
Project("{8BC9CEB8-8B4A-11D0-8D11-00A0C91BC942}") = "1010", "1010\1010.vcxproj", "{E8CB48D6-7468-413B-940C-DB6128FCC229}"
EndProject
Project("{8BC9CEB8-8B4A-11D0-8D11-00A0C91BC942}") = "10950", "10950\10950.vcxproj", "{2B69B12C-8E50-4B7E-AB29-1D599FDE4B98}"
EndProject
Project("{8BC9CEB8-8B4A-11D0-8D11-00A0C91BC942}") = "1026", "1026\1026.vcxproj", "{12CE92F2-31F8-4B33-9BAA-61A908FB366F}"
EndProject
Project("{8BC9CEB8-8B4A-11D0-8D11-00A0C91BC942}") = "1011", "1011\1011.vcxproj", "{4391432F-243E-49B2-A53F-DCF9691A67B4}"
EndProject
Project("{8BC9CEB8-8B4A-11D0-8D11-00A0C91BC942}") = "1032", "1032\1032.vcxproj", "{2A4739FA-CD0F-450B-9932-2C04147C05FF}"
EndProject
Project("{8BC9CEB8-8B4A-11D0-8D11-00A0C91BC942}") = "8393", "8393\8393.vcxproj", "{67DE1914-9BEE-4BA9-96AB-C1ACFD1EAEE3}"
EndProject
Project("{8BC9CEB8-8B4A-11D0-8D11-00A0C91BC942}") = "15552", "15552\15552.vcxproj", "{F670175A-BBB1-4009-8B2D-E785B31A2481}"
EndProject
Project("{8BC9CEB8-8B4A-11D0-8D11-00A0C91BC942}") = "1027", "1027\1027.vcxproj", "{F6DBA736-C432-4E47-A630-09EA8D28B40F}"
EndProject
Project("{8BC9CEB8-8B4A-11D0-8D11-00A0C91BC942}") = "2741", "2741\2741.vcxproj", "{D1F38D4B-8D3C-4102-AB03-18E0372AD283}"
EndProject
Project("{8BC9CEB8-8B4A-11D0-8D11-00A0C91BC942}") = "1149", "1149\1149.vcxproj", "{1E42EC92-5B7E-4A7C-9403-2337349A91AA}"
EndProject
Project("{8BC9CEB8-8B4A-11D0-8D11-00A0C91BC942}") = "1330", "1330\1330.vcxproj", "{0BAC08EE-7C17-40B9-AB9B-3D8A4835CE3C}"
EndProject
Project("{8BC9CEB8-8B4A-11D0-8D11-00A0C91BC942}") = "1463", "1463\1463.vcxproj", "{DC0D55BB-D5BA-4FD5-8D68-7596CCB7DAF7}"
EndProject
Project("{8BC9CEB8-8B4A-11D0-8D11-00A0C91BC942}") = "2742", "2742\2742.vcxproj", "{CB0AA991-C84E-4B8F-89E6-1E25B5B306C5}"
EndProject
Project("{8BC9CEB8-8B4A-11D0-8D11-00A0C91BC942}") = "2438", "2438\2438.vcxproj", "{6E6E2B03-EFB6-4000-964E-2A632260F3D8}"
EndProject
Project("{8BC9CEB8-8B4A-11D0-8D11-00A0C91BC942}") = "11021", "11021\11021.vcxproj", "{906DF7CB-7808-480F-A682-B8576EA6ECA1}"
EndProject
Project("{8BC9CEB8-8B4A-11D0-8D11-00A0C91BC942}") = "11022", "11022\11022.vcxproj", "{A36E7493-9DF3-4FB9-A9CF-A5752CFD15B9}"
EndProject
Project("{8BC9CEB8-8B4A-11D0-8D11-00A0C91BC942}") = "2439", "2439\2439.vcxproj", "{2270F2A4-C795-4E80-9B71-C2B6D6AC41CC}"
EndProject
Project("{8BC9CEB8-8B4A-11D0-8D11-00A0C91BC942}") = "10871", "10871\10871.vcxproj", "{DFC7AA5B-E18C-4C41-86B5-4E9361A7B764}"
EndProject
Project("{8BC9CEB8-8B4A-11D0-8D11-00A0C91BC942}") = "10952", "10952\10952.vcxproj", "{B2CF0985-1B23-4E45-9F07-45F8D62D3061}"
EndProject
Project("{8BC9CEB8-8B4A-11D0-8D11-00A0C91BC942}") = "10951", "10951\10951.vcxproj", "{82B372B3-37FC-44D7-9CBA-CDBA8523EBA5}"
EndProject
Project("{8BC9CEB8-8B4A-11D0-8D11-00A0C91BC942}") = "1110", "1110\1110.vcxproj", "{F2958187-02E6-4440-915F-E4470D21BC0D}"
EndProject
Project("{8BC9CEB8-8B4A-11D0-8D11-00A0C91BC942}") = "10818", "10818\10818.vcxproj", "{892CC62B-5A40-42D9-A352-20E53BE2BAE5}"
EndProject
Project("{8BC9CEB8-8B4A-11D0-8D11-00A0C91BC942}") = "2562", "2562\2562.vcxproj", "{66DE5CDB-5897-49CC-9E47-8A536DE85C2B}"
EndProject
Project("{8BC9CEB8-8B4A-11D0-8D11-00A0C91BC942}") = "2525", "2525\2525.vcxproj", "{BDB7807C-35D1-4956-BECF-530A78EC2B95}"
EndProject
Project("{8BC9CEB8-8B4A-11D0-8D11-00A0C91BC942}") = "2480", "2480\2480.vcxproj", "{24835C37-7C79-4D5D-A24F-C838B11A5BB2}"
EndProject
Project("{8BC9CEB8-8B4A-11D0-8D11-00A0C91BC942}") = "2577", "2577\2577.vcxproj", "{A4212405-C7B6-4982-8BCB-3FC49B4982DD}"
EndProject
Project("{8BC9CEB8-8B4A-11D0-8D11-00A0C91BC942}") = "1030", "1030\1030.vcxproj", "{00D471C7-B791-4936-8898-356FFBDCCCC0}"
EndProject
Project("{8BC9CEB8-8B4A-11D0-8D11-00A0C91BC942}") = "3052", "3052\3052.vcxproj", "{92CF3478-1081-419C-8547-C4E7DF66F5E9}"
EndProject
Project("{8BC9CEB8-8B4A-11D0-8D11-00A0C91BC942}") = "1546", "1546\1546.vcxproj", "{63A8DD5A-8FCC-4FFB-8BBC-929A5170B508}"
EndProject
Project("{8BC9CEB8-8B4A-11D0-8D11-00A0C91BC942}") = "8958", "8958\8958.vcxproj", "{F784FFCB-C04C-40AF-8F7B-44D241F8D0C2}"
EndProject
Project("{8BC9CEB8-8B4A-11D0-8D11-00A0C91BC942}") = "4344", "4344\4344.vcxproj", "{2CE08ED7-6E93-4C0B-981B-78861502E6C9}"
EndProject
Project("{8BC9CEB8-8B4A-11D0-8D11-00A0C91BC942}") = "1697", "1697\1697.vcxproj", "{68F9AAAD-92D6-4087-8FEE-327F41D46F05}"
EndProject
Project("{8BC9CEB8-8B4A-11D0-8D11-00A0C91BC942}") = "1914", "1914\1914.vcxproj", "{7BCA2FBE-4D61-41A9-BFD2-D6D340FCCFBB}"
EndProject
Project("{8BC9CEB8-8B4A-11D0-8D11-00A0C91BC942}") = "1932", "1932\1932.vcxproj", "{2B548DEE-8739-4D8E-BFAE-F9115DDCB783}"
EndProject
Project("{8BC9CEB8-8B4A-11D0-8D11-00A0C91BC942}") = "1966", "1966\1966.vcxproj", "{0BC77B74-5E61-4C12-81A9-9ACE7BA61CBE}"
EndProject
Project("{8BC9CEB8-8B4A-11D0-8D11-00A0C91BC942}") = "1033", "1033\1033.vcxproj", "{2B242FEF-62F4-4076-BC5D-C62803A8501A}"
EndProject
Project("{8BC9CEB8-8B4A-11D0-8D11-00A0C91BC942}") = "15596", "15596\15596.vcxproj", "{428D6CB5-3059-4DDE-A634-82DF7E106A06}"
EndProject
Project("{8BC9CEB8-8B4A-11D0-8D11-00A0C91BC942}") = "11720", "11720\11720.vcxproj", "{46ACCACC-C875-4346-A5EC-7324AA12A8F6}"
EndProject
Project("{8BC9CEB8-8B4A-11D0-8D11-00A0C91BC942}") = "4673", "4673\4673.vcxproj", "{5E44BE4F-8CFE-429F-B695-62693B83BEC9}"
EndProject
Project("{8BC9CEB8-8B4A-11D0-8D11-00A0C91BC942}") = "1065", "1065\1065.vcxproj", "{B92C8FA6-C6A4-4055-9B58-C42479394E90}"
EndProject
Project("{8BC9CEB8-8B4A-11D0-8D11-00A0C91BC942}") = "10757", "10757\10757.vcxproj", "{5ADDA40D-4E7D-42D7-BF13-4EE0F9617F44}"
EndProject
Project("{8BC9CEB8-8B4A-11D0-8D11-00A0C91BC942}") = "1991", "1991\1991.vcxproj", "{0BCC62A2-E087-41F1-B8BA-10BBE24425E7}"
EndProject
Project("{8BC9CEB8-8B4A-11D0-8D11-00A0C91BC942}") = "2315", "2315\2315.vcxproj", "{4738CE26-D736-4E20-AFFA-0B03C4E7B0AB}"
EndProject
Project("{8BC9CEB8-8B4A-11D0-8D11-00A0C91BC942}") = "2557", "2557\2557.vcxproj", "{7B8B289C-FE12-4BB9-91E5-868A27A39A72}"
EndProject
Project("{8BC9CEB8-8B4A-11D0-8D11-00A0C91BC942}") = "2579", "2579\2579.vcxproj", "{3940210F-FFB7-47C8-8C4B-045DACF19D6A}"
EndProject
Project("{8BC9CEB8-8B4A-11D0-8D11-00A0C91BC942}") = "10828", "10828\10828.vcxproj", "{86A359CB-3B96-45B4-AFBD-8CB888B69256}"
EndProject
Project("{8BC9CEB8-8B4A-11D0-8D11-00A0C91BC942}") = "10809", "10809\10809.vcxproj", "{2B0877F6-4F04-46FA-9FBB-853B3C21B70F}"
EndProject
Project("{8BC9CEB8-8B4A-11D0-8D11-00A0C91BC942}") = "2675", "2675\2675.vcxproj", "{1C56A3B9-D10F-425A-9370-19C1A0128F47}"
EndProject
Project("{8BC9CEB8-8B4A-11D0-8D11-00A0C91BC942}") = "2920", "2920\2920.vcxproj", "{8CAFD0E5-9528-4C8D-BA5D-325E9D5F7E0F}"
EndProject
Project("{8BC9CEB8-8B4A-11D0-8D11-00A0C91BC942}") = "10869", "10869\10869.vcxproj", "{C3800D01-4D1C-444D-8746-F21F7F3FDCC5}"
EndProject
Project("{8BC9CEB8-8B4A-11D0-8D11-00A0C91BC942}") = "1157", "1157\1157.vcxproj", "{3246F830-39AD-4808-B3D8-1AA320C6DDA3}"
EndProject
Project("{8BC9CEB8-8B4A-11D0-8D11-00A0C91BC942}") = "1152", "1152\1152.vcxproj", "{887A743F-7862-491D-9540-AF363D652351}"
EndProject
Project("{8BC9CEB8-8B4A-11D0-8D11-00A0C91BC942}") = "10171", "10171\10171.vcxproj", "{032FB7D9-A2A9-484C-8F5A-570BC62509D6}"
EndProject
Project("{8BC9CEB8-8B4A-11D0-8D11-00A0C91BC942}") = "2908", "2908\2908.vcxproj", "{8DA567B9-5B58-44B3-AE92-ADD6145CB10C}"
EndProject
Project("{8BC9CEB8-8B4A-11D0-8D11-00A0C91BC942}") = "2475", "2475\2475.vcxproj", "{142233E6-8DF1-42FC-9E35-498ACA464B98}"
EndProject
Project("{8BC9CEB8-8B4A-11D0-8D11-00A0C91BC942}") = "5622", "5622\5622.vcxproj", "{F31C373E-C9A5-433B-A952-84F586313DAE}"
EndProject
Project("{8BC9CEB8-8B4A-11D0-8D11-00A0C91BC942}") = "2941", "2941\2941.vcxproj", "{E89B4C20-D804-49C8-B163-DD0826EE958C}"
EndProject
Project("{8BC9CEB8-8B4A-11D0-8D11-00A0C91BC942}") = "1316", "1316\1316.vcxproj", "{500E5256-1633-46B6-A875-DDF9630F8AF2}"
EndProject
Project("{8BC9CEB8-8B4A-11D0-8D11-00A0C91BC942}") = "1712", "1712\1712.vcxproj", "{D1B64E14-EC7A-4C9C-974E-C6B1B4403BB6}"
EndProject
Project("{8BC9CEB8-8B4A-11D0-8D11-00A0C91BC942}") = "2558", "2558\2558.vcxproj", "{59265559-A8B1-4FAF-B2B8-74C874B7E6EC}"
EndProject
Project("{8BC9CEB8-8B4A-11D0-8D11-00A0C91BC942}") = "1037", "1037\1037.vcxproj", "{EB5E4CA0-6D73-4E9C-9953-144C6D4C308E}"
EndProject
Global
	GlobalSection(SolutionConfigurationPlatforms) = preSolution
		Debug|x64 = Debug|x64
		Debug|x86 = Debug|x86
		Release|x64 = Release|x64
		Release|x86 = Release|x86
	EndGlobalSection
	GlobalSection(ProjectConfigurationPlatforms) = postSolution
		{200BDA17-4902-442D-93FC-94BA3DCC675F}.Debug|x64.ActiveCfg = Debug|x64
		{200BDA17-4902-442D-93FC-94BA3DCC675F}.Debug|x64.Build.0 = Debug|x64
		{200BDA17-4902-442D-93FC-94BA3DCC675F}.Debug|x86.ActiveCfg = Debug|Win32
		{200BDA17-4902-442D-93FC-94BA3DCC675F}.Debug|x86.Build.0 = Debug|Win32
		{200BDA17-4902-442D-93FC-94BA3DCC675F}.Release|x64.ActiveCfg = Release|x64
		{200BDA17-4902-442D-93FC-94BA3DCC675F}.Release|x64.Build.0 = Release|x64
		{200BDA17-4902-442D-93FC-94BA3DCC675F}.Release|x86.ActiveCfg = Release|Win32
		{200BDA17-4902-442D-93FC-94BA3DCC675F}.Release|x86.Build.0 = Release|Win32
		{FA97A3E8-710E-49DC-B6CE-1E3DAE34D5BD}.Debug|x64.ActiveCfg = Debug|x64
		{FA97A3E8-710E-49DC-B6CE-1E3DAE34D5BD}.Debug|x64.Build.0 = Debug|x64
		{FA97A3E8-710E-49DC-B6CE-1E3DAE34D5BD}.Debug|x86.ActiveCfg = Debug|Win32
		{FA97A3E8-710E-49DC-B6CE-1E3DAE34D5BD}.Debug|x86.Build.0 = Debug|Win32
		{FA97A3E8-710E-49DC-B6CE-1E3DAE34D5BD}.Release|x64.ActiveCfg = Release|x64
		{FA97A3E8-710E-49DC-B6CE-1E3DAE34D5BD}.Release|x64.Build.0 = Release|x64
		{FA97A3E8-710E-49DC-B6CE-1E3DAE34D5BD}.Release|x86.ActiveCfg = Release|Win32
		{FA97A3E8-710E-49DC-B6CE-1E3DAE34D5BD}.Release|x86.Build.0 = Release|Win32
		{5433D70C-2891-4E66-8A4C-5899E6ED7DBE}.Debug|x64.ActiveCfg = Debug|x64
		{5433D70C-2891-4E66-8A4C-5899E6ED7DBE}.Debug|x64.Build.0 = Debug|x64
		{5433D70C-2891-4E66-8A4C-5899E6ED7DBE}.Debug|x86.ActiveCfg = Debug|Win32
		{5433D70C-2891-4E66-8A4C-5899E6ED7DBE}.Debug|x86.Build.0 = Debug|Win32
		{5433D70C-2891-4E66-8A4C-5899E6ED7DBE}.Release|x64.ActiveCfg = Release|x64
		{5433D70C-2891-4E66-8A4C-5899E6ED7DBE}.Release|x64.Build.0 = Release|x64
		{5433D70C-2891-4E66-8A4C-5899E6ED7DBE}.Release|x86.ActiveCfg = Release|Win32
		{5433D70C-2891-4E66-8A4C-5899E6ED7DBE}.Release|x86.Build.0 = Release|Win32
		{FA5C2ABF-4400-4CE1-B8E8-9B9158421C27}.Debug|x64.ActiveCfg = Debug|x64
		{FA5C2ABF-4400-4CE1-B8E8-9B9158421C27}.Debug|x64.Build.0 = Debug|x64
		{FA5C2ABF-4400-4CE1-B8E8-9B9158421C27}.Debug|x86.ActiveCfg = Debug|Win32
		{FA5C2ABF-4400-4CE1-B8E8-9B9158421C27}.Debug|x86.Build.0 = Debug|Win32
		{FA5C2ABF-4400-4CE1-B8E8-9B9158421C27}.Release|x64.ActiveCfg = Release|x64
		{FA5C2ABF-4400-4CE1-B8E8-9B9158421C27}.Release|x64.Build.0 = Release|x64
		{FA5C2ABF-4400-4CE1-B8E8-9B9158421C27}.Release|x86.ActiveCfg = Release|Win32
		{FA5C2ABF-4400-4CE1-B8E8-9B9158421C27}.Release|x86.Build.0 = Release|Win32
		{7F08DB69-7EF2-4C6D-B3EE-AB6B72C5F0CF}.Debug|x64.ActiveCfg = Debug|x64
		{7F08DB69-7EF2-4C6D-B3EE-AB6B72C5F0CF}.Debug|x64.Build.0 = Debug|x64
		{7F08DB69-7EF2-4C6D-B3EE-AB6B72C5F0CF}.Debug|x86.ActiveCfg = Debug|Win32
		{7F08DB69-7EF2-4C6D-B3EE-AB6B72C5F0CF}.Debug|x86.Build.0 = Debug|Win32
		{7F08DB69-7EF2-4C6D-B3EE-AB6B72C5F0CF}.Release|x64.ActiveCfg = Release|x64
		{7F08DB69-7EF2-4C6D-B3EE-AB6B72C5F0CF}.Release|x64.Build.0 = Release|x64
		{7F08DB69-7EF2-4C6D-B3EE-AB6B72C5F0CF}.Release|x86.ActiveCfg = Release|Win32
		{7F08DB69-7EF2-4C6D-B3EE-AB6B72C5F0CF}.Release|x86.Build.0 = Release|Win32
		{48D5183A-07EC-4CBA-BF5E-689D7DE48D22}.Debug|x64.ActiveCfg = Debug|x64
		{48D5183A-07EC-4CBA-BF5E-689D7DE48D22}.Debug|x64.Build.0 = Debug|x64
		{48D5183A-07EC-4CBA-BF5E-689D7DE48D22}.Debug|x86.ActiveCfg = Debug|Win32
		{48D5183A-07EC-4CBA-BF5E-689D7DE48D22}.Debug|x86.Build.0 = Debug|Win32
		{48D5183A-07EC-4CBA-BF5E-689D7DE48D22}.Release|x64.ActiveCfg = Release|x64
		{48D5183A-07EC-4CBA-BF5E-689D7DE48D22}.Release|x64.Build.0 = Release|x64
		{48D5183A-07EC-4CBA-BF5E-689D7DE48D22}.Release|x86.ActiveCfg = Release|Win32
		{48D5183A-07EC-4CBA-BF5E-689D7DE48D22}.Release|x86.Build.0 = Release|Win32
		{3E8E97B7-9501-490E-BAE0-E62617BBCC8F}.Debug|x64.ActiveCfg = Debug|x64
		{3E8E97B7-9501-490E-BAE0-E62617BBCC8F}.Debug|x64.Build.0 = Debug|x64
		{3E8E97B7-9501-490E-BAE0-E62617BBCC8F}.Debug|x86.ActiveCfg = Debug|Win32
		{3E8E97B7-9501-490E-BAE0-E62617BBCC8F}.Debug|x86.Build.0 = Debug|Win32
		{3E8E97B7-9501-490E-BAE0-E62617BBCC8F}.Release|x64.ActiveCfg = Release|x64
		{3E8E97B7-9501-490E-BAE0-E62617BBCC8F}.Release|x64.Build.0 = Release|x64
		{3E8E97B7-9501-490E-BAE0-E62617BBCC8F}.Release|x86.ActiveCfg = Release|Win32
		{3E8E97B7-9501-490E-BAE0-E62617BBCC8F}.Release|x86.Build.0 = Release|Win32
		{C84D2B4B-8B75-4513-BC7A-B8CE5E4B5200}.Debug|x64.ActiveCfg = Debug|x64
		{C84D2B4B-8B75-4513-BC7A-B8CE5E4B5200}.Debug|x64.Build.0 = Debug|x64
		{C84D2B4B-8B75-4513-BC7A-B8CE5E4B5200}.Debug|x86.ActiveCfg = Debug|Win32
		{C84D2B4B-8B75-4513-BC7A-B8CE5E4B5200}.Debug|x86.Build.0 = Debug|Win32
		{C84D2B4B-8B75-4513-BC7A-B8CE5E4B5200}.Release|x64.ActiveCfg = Release|x64
		{C84D2B4B-8B75-4513-BC7A-B8CE5E4B5200}.Release|x64.Build.0 = Release|x64
		{C84D2B4B-8B75-4513-BC7A-B8CE5E4B5200}.Release|x86.ActiveCfg = Release|Win32
		{C84D2B4B-8B75-4513-BC7A-B8CE5E4B5200}.Release|x86.Build.0 = Release|Win32
		{B46FC79E-C718-4593-AD90-5311CEAC35CC}.Debug|x64.ActiveCfg = Debug|x64
		{B46FC79E-C718-4593-AD90-5311CEAC35CC}.Debug|x64.Build.0 = Debug|x64
		{B46FC79E-C718-4593-AD90-5311CEAC35CC}.Debug|x86.ActiveCfg = Debug|Win32
		{B46FC79E-C718-4593-AD90-5311CEAC35CC}.Debug|x86.Build.0 = Debug|Win32
		{B46FC79E-C718-4593-AD90-5311CEAC35CC}.Release|x64.ActiveCfg = Release|x64
		{B46FC79E-C718-4593-AD90-5311CEAC35CC}.Release|x64.Build.0 = Release|x64
		{B46FC79E-C718-4593-AD90-5311CEAC35CC}.Release|x86.ActiveCfg = Release|Win32
		{B46FC79E-C718-4593-AD90-5311CEAC35CC}.Release|x86.Build.0 = Release|Win32
		{D3FFB467-C9A1-4D09-A983-5752CCAAB50E}.Debug|x64.ActiveCfg = Debug|x64
		{D3FFB467-C9A1-4D09-A983-5752CCAAB50E}.Debug|x64.Build.0 = Debug|x64
		{D3FFB467-C9A1-4D09-A983-5752CCAAB50E}.Debug|x86.ActiveCfg = Debug|Win32
		{D3FFB467-C9A1-4D09-A983-5752CCAAB50E}.Debug|x86.Build.0 = Debug|Win32
		{D3FFB467-C9A1-4D09-A983-5752CCAAB50E}.Release|x64.ActiveCfg = Release|x64
		{D3FFB467-C9A1-4D09-A983-5752CCAAB50E}.Release|x64.Build.0 = Release|x64
		{D3FFB467-C9A1-4D09-A983-5752CCAAB50E}.Release|x86.ActiveCfg = Release|Win32
		{D3FFB467-C9A1-4D09-A983-5752CCAAB50E}.Release|x86.Build.0 = Release|Win32
		{49A078A0-A657-4F4B-B060-2A66B1FAFF6F}.Debug|x64.ActiveCfg = Debug|x64
		{49A078A0-A657-4F4B-B060-2A66B1FAFF6F}.Debug|x64.Build.0 = Debug|x64
		{49A078A0-A657-4F4B-B060-2A66B1FAFF6F}.Debug|x86.ActiveCfg = Debug|Win32
		{49A078A0-A657-4F4B-B060-2A66B1FAFF6F}.Debug|x86.Build.0 = Debug|Win32
		{49A078A0-A657-4F4B-B060-2A66B1FAFF6F}.Release|x64.ActiveCfg = Release|x64
		{49A078A0-A657-4F4B-B060-2A66B1FAFF6F}.Release|x64.Build.0 = Release|x64
		{49A078A0-A657-4F4B-B060-2A66B1FAFF6F}.Release|x86.ActiveCfg = Release|Win32
		{49A078A0-A657-4F4B-B060-2A66B1FAFF6F}.Release|x86.Build.0 = Release|Win32
		{256EEC50-9A90-458A-A68D-1CD8E19F0541}.Debug|x64.ActiveCfg = Debug|x64
		{256EEC50-9A90-458A-A68D-1CD8E19F0541}.Debug|x64.Build.0 = Debug|x64
		{256EEC50-9A90-458A-A68D-1CD8E19F0541}.Debug|x86.ActiveCfg = Debug|Win32
		{256EEC50-9A90-458A-A68D-1CD8E19F0541}.Debug|x86.Build.0 = Debug|Win32
		{256EEC50-9A90-458A-A68D-1CD8E19F0541}.Release|x64.ActiveCfg = Release|x64
		{256EEC50-9A90-458A-A68D-1CD8E19F0541}.Release|x64.Build.0 = Release|x64
		{256EEC50-9A90-458A-A68D-1CD8E19F0541}.Release|x86.ActiveCfg = Release|Win32
		{256EEC50-9A90-458A-A68D-1CD8E19F0541}.Release|x86.Build.0 = Release|Win32
		{453E797B-2FDF-4CB2-B566-8DC33C044C5B}.Debug|x64.ActiveCfg = Debug|x64
		{453E797B-2FDF-4CB2-B566-8DC33C044C5B}.Debug|x64.Build.0 = Debug|x64
		{453E797B-2FDF-4CB2-B566-8DC33C044C5B}.Debug|x86.ActiveCfg = Debug|Win32
		{453E797B-2FDF-4CB2-B566-8DC33C044C5B}.Debug|x86.Build.0 = Debug|Win32
		{453E797B-2FDF-4CB2-B566-8DC33C044C5B}.Release|x64.ActiveCfg = Release|x64
		{453E797B-2FDF-4CB2-B566-8DC33C044C5B}.Release|x64.Build.0 = Release|x64
		{453E797B-2FDF-4CB2-B566-8DC33C044C5B}.Release|x86.ActiveCfg = Release|Win32
		{453E797B-2FDF-4CB2-B566-8DC33C044C5B}.Release|x86.Build.0 = Release|Win32
		{5A2A3584-E450-4E87-A6DB-9069C4FDA915}.Debug|x64.ActiveCfg = Debug|x64
		{5A2A3584-E450-4E87-A6DB-9069C4FDA915}.Debug|x64.Build.0 = Debug|x64
		{5A2A3584-E450-4E87-A6DB-9069C4FDA915}.Debug|x86.ActiveCfg = Debug|Win32
		{5A2A3584-E450-4E87-A6DB-9069C4FDA915}.Debug|x86.Build.0 = Debug|Win32
		{5A2A3584-E450-4E87-A6DB-9069C4FDA915}.Release|x64.ActiveCfg = Release|x64
		{5A2A3584-E450-4E87-A6DB-9069C4FDA915}.Release|x64.Build.0 = Release|x64
		{5A2A3584-E450-4E87-A6DB-9069C4FDA915}.Release|x86.ActiveCfg = Release|Win32
		{5A2A3584-E450-4E87-A6DB-9069C4FDA915}.Release|x86.Build.0 = Release|Win32
		{1778CF16-C69A-4AF4-93BA-D188F49D2A02}.Debug|x64.ActiveCfg = Debug|x64
		{1778CF16-C69A-4AF4-93BA-D188F49D2A02}.Debug|x64.Build.0 = Debug|x64
		{1778CF16-C69A-4AF4-93BA-D188F49D2A02}.Debug|x86.ActiveCfg = Debug|Win32
		{1778CF16-C69A-4AF4-93BA-D188F49D2A02}.Debug|x86.Build.0 = Debug|Win32
		{1778CF16-C69A-4AF4-93BA-D188F49D2A02}.Release|x64.ActiveCfg = Release|x64
		{1778CF16-C69A-4AF4-93BA-D188F49D2A02}.Release|x64.Build.0 = Release|x64
		{1778CF16-C69A-4AF4-93BA-D188F49D2A02}.Release|x86.ActiveCfg = Release|Win32
		{1778CF16-C69A-4AF4-93BA-D188F49D2A02}.Release|x86.Build.0 = Release|Win32
		{AAA0A196-0A10-4760-92C4-98257B490878}.Debug|x64.ActiveCfg = Debug|x64
		{AAA0A196-0A10-4760-92C4-98257B490878}.Debug|x64.Build.0 = Debug|x64
		{AAA0A196-0A10-4760-92C4-98257B490878}.Debug|x86.ActiveCfg = Debug|Win32
		{AAA0A196-0A10-4760-92C4-98257B490878}.Debug|x86.Build.0 = Debug|Win32
		{AAA0A196-0A10-4760-92C4-98257B490878}.Release|x64.ActiveCfg = Release|x64
		{AAA0A196-0A10-4760-92C4-98257B490878}.Release|x64.Build.0 = Release|x64
		{AAA0A196-0A10-4760-92C4-98257B490878}.Release|x86.ActiveCfg = Release|Win32
		{AAA0A196-0A10-4760-92C4-98257B490878}.Release|x86.Build.0 = Release|Win32
		{31E7337C-6900-4040-B1AD-2DF14A2F9E6E}.Debug|x64.ActiveCfg = Debug|x64
		{31E7337C-6900-4040-B1AD-2DF14A2F9E6E}.Debug|x64.Build.0 = Debug|x64
		{31E7337C-6900-4040-B1AD-2DF14A2F9E6E}.Debug|x86.ActiveCfg = Debug|Win32
		{31E7337C-6900-4040-B1AD-2DF14A2F9E6E}.Debug|x86.Build.0 = Debug|Win32
		{31E7337C-6900-4040-B1AD-2DF14A2F9E6E}.Release|x64.ActiveCfg = Release|x64
		{31E7337C-6900-4040-B1AD-2DF14A2F9E6E}.Release|x64.Build.0 = Release|x64
		{31E7337C-6900-4040-B1AD-2DF14A2F9E6E}.Release|x86.ActiveCfg = Release|Win32
		{31E7337C-6900-4040-B1AD-2DF14A2F9E6E}.Release|x86.Build.0 = Release|Win32
		{8D35339D-F519-4967-9670-25DAAC4293DF}.Debug|x64.ActiveCfg = Debug|x64
		{8D35339D-F519-4967-9670-25DAAC4293DF}.Debug|x64.Build.0 = Debug|x64
		{8D35339D-F519-4967-9670-25DAAC4293DF}.Debug|x86.ActiveCfg = Debug|Win32
		{8D35339D-F519-4967-9670-25DAAC4293DF}.Debug|x86.Build.0 = Debug|Win32
		{8D35339D-F519-4967-9670-25DAAC4293DF}.Release|x64.ActiveCfg = Release|x64
		{8D35339D-F519-4967-9670-25DAAC4293DF}.Release|x64.Build.0 = Release|x64
		{8D35339D-F519-4967-9670-25DAAC4293DF}.Release|x86.ActiveCfg = Release|Win32
		{8D35339D-F519-4967-9670-25DAAC4293DF}.Release|x86.Build.0 = Release|Win32
		{AC6D84E3-49E5-4C3E-B00D-EACC38EBFDF0}.Debug|x64.ActiveCfg = Debug|x64
		{AC6D84E3-49E5-4C3E-B00D-EACC38EBFDF0}.Debug|x64.Build.0 = Debug|x64
		{AC6D84E3-49E5-4C3E-B00D-EACC38EBFDF0}.Debug|x86.ActiveCfg = Debug|Win32
		{AC6D84E3-49E5-4C3E-B00D-EACC38EBFDF0}.Debug|x86.Build.0 = Debug|Win32
		{AC6D84E3-49E5-4C3E-B00D-EACC38EBFDF0}.Release|x64.ActiveCfg = Release|x64
		{AC6D84E3-49E5-4C3E-B00D-EACC38EBFDF0}.Release|x64.Build.0 = Release|x64
		{AC6D84E3-49E5-4C3E-B00D-EACC38EBFDF0}.Release|x86.ActiveCfg = Release|Win32
		{AC6D84E3-49E5-4C3E-B00D-EACC38EBFDF0}.Release|x86.Build.0 = Release|Win32
		{01A99EFA-FDD0-47FD-8972-B02D440732DD}.Debug|x64.ActiveCfg = Debug|x64
		{01A99EFA-FDD0-47FD-8972-B02D440732DD}.Debug|x64.Build.0 = Debug|x64
		{01A99EFA-FDD0-47FD-8972-B02D440732DD}.Debug|x86.ActiveCfg = Debug|Win32
		{01A99EFA-FDD0-47FD-8972-B02D440732DD}.Debug|x86.Build.0 = Debug|Win32
		{01A99EFA-FDD0-47FD-8972-B02D440732DD}.Release|x64.ActiveCfg = Release|x64
		{01A99EFA-FDD0-47FD-8972-B02D440732DD}.Release|x64.Build.0 = Release|x64
		{01A99EFA-FDD0-47FD-8972-B02D440732DD}.Release|x86.ActiveCfg = Release|Win32
		{01A99EFA-FDD0-47FD-8972-B02D440732DD}.Release|x86.Build.0 = Release|Win32
		{26177FB4-6287-4713-8258-6779EE359C6E}.Debug|x64.ActiveCfg = Debug|x64
		{26177FB4-6287-4713-8258-6779EE359C6E}.Debug|x64.Build.0 = Debug|x64
		{26177FB4-6287-4713-8258-6779EE359C6E}.Debug|x86.ActiveCfg = Debug|Win32
		{26177FB4-6287-4713-8258-6779EE359C6E}.Debug|x86.Build.0 = Debug|Win32
		{26177FB4-6287-4713-8258-6779EE359C6E}.Release|x64.ActiveCfg = Release|x64
		{26177FB4-6287-4713-8258-6779EE359C6E}.Release|x64.Build.0 = Release|x64
		{26177FB4-6287-4713-8258-6779EE359C6E}.Release|x86.ActiveCfg = Release|Win32
		{26177FB4-6287-4713-8258-6779EE359C6E}.Release|x86.Build.0 = Release|Win32
		{ECCC49DA-4143-416B-BA1A-906E9C9F1F48}.Debug|x64.ActiveCfg = Debug|x64
		{ECCC49DA-4143-416B-BA1A-906E9C9F1F48}.Debug|x64.Build.0 = Debug|x64
		{ECCC49DA-4143-416B-BA1A-906E9C9F1F48}.Debug|x86.ActiveCfg = Debug|Win32
		{ECCC49DA-4143-416B-BA1A-906E9C9F1F48}.Debug|x86.Build.0 = Debug|Win32
		{ECCC49DA-4143-416B-BA1A-906E9C9F1F48}.Release|x64.ActiveCfg = Release|x64
		{ECCC49DA-4143-416B-BA1A-906E9C9F1F48}.Release|x64.Build.0 = Release|x64
		{ECCC49DA-4143-416B-BA1A-906E9C9F1F48}.Release|x86.ActiveCfg = Release|Win32
		{ECCC49DA-4143-416B-BA1A-906E9C9F1F48}.Release|x86.Build.0 = Release|Win32
		{5DE835A0-EEB7-4994-952C-5D4BEB81FEA1}.Debug|x64.ActiveCfg = Debug|x64
		{5DE835A0-EEB7-4994-952C-5D4BEB81FEA1}.Debug|x64.Build.0 = Debug|x64
		{5DE835A0-EEB7-4994-952C-5D4BEB81FEA1}.Debug|x86.ActiveCfg = Debug|Win32
		{5DE835A0-EEB7-4994-952C-5D4BEB81FEA1}.Debug|x86.Build.0 = Debug|Win32
		{5DE835A0-EEB7-4994-952C-5D4BEB81FEA1}.Release|x64.ActiveCfg = Release|x64
		{5DE835A0-EEB7-4994-952C-5D4BEB81FEA1}.Release|x64.Build.0 = Release|x64
		{5DE835A0-EEB7-4994-952C-5D4BEB81FEA1}.Release|x86.ActiveCfg = Release|Win32
		{5DE835A0-EEB7-4994-952C-5D4BEB81FEA1}.Release|x86.Build.0 = Release|Win32
		{A1453E3E-9F26-4E4F-B041-9922644036C5}.Debug|x64.ActiveCfg = Debug|x64
		{A1453E3E-9F26-4E4F-B041-9922644036C5}.Debug|x64.Build.0 = Debug|x64
		{A1453E3E-9F26-4E4F-B041-9922644036C5}.Debug|x86.ActiveCfg = Debug|Win32
		{A1453E3E-9F26-4E4F-B041-9922644036C5}.Debug|x86.Build.0 = Debug|Win32
		{A1453E3E-9F26-4E4F-B041-9922644036C5}.Release|x64.ActiveCfg = Release|x64
		{A1453E3E-9F26-4E4F-B041-9922644036C5}.Release|x64.Build.0 = Release|x64
		{A1453E3E-9F26-4E4F-B041-9922644036C5}.Release|x86.ActiveCfg = Release|Win32
		{A1453E3E-9F26-4E4F-B041-9922644036C5}.Release|x86.Build.0 = Release|Win32
		{A807FFAE-7E0C-4A17-AE50-0CF51ECFE49D}.Debug|x64.ActiveCfg = Debug|x64
		{A807FFAE-7E0C-4A17-AE50-0CF51ECFE49D}.Debug|x64.Build.0 = Debug|x64
		{A807FFAE-7E0C-4A17-AE50-0CF51ECFE49D}.Debug|x86.ActiveCfg = Debug|Win32
		{A807FFAE-7E0C-4A17-AE50-0CF51ECFE49D}.Debug|x86.Build.0 = Debug|Win32
		{A807FFAE-7E0C-4A17-AE50-0CF51ECFE49D}.Release|x64.ActiveCfg = Release|x64
		{A807FFAE-7E0C-4A17-AE50-0CF51ECFE49D}.Release|x64.Build.0 = Release|x64
		{A807FFAE-7E0C-4A17-AE50-0CF51ECFE49D}.Release|x86.ActiveCfg = Release|Win32
		{A807FFAE-7E0C-4A17-AE50-0CF51ECFE49D}.Release|x86.Build.0 = Release|Win32
		{E8CB48D6-7468-413B-940C-DB6128FCC229}.Debug|x64.ActiveCfg = Debug|x64
		{E8CB48D6-7468-413B-940C-DB6128FCC229}.Debug|x64.Build.0 = Debug|x64
		{E8CB48D6-7468-413B-940C-DB6128FCC229}.Debug|x86.ActiveCfg = Debug|Win32
		{E8CB48D6-7468-413B-940C-DB6128FCC229}.Debug|x86.Build.0 = Debug|Win32
		{E8CB48D6-7468-413B-940C-DB6128FCC229}.Release|x64.ActiveCfg = Release|x64
		{E8CB48D6-7468-413B-940C-DB6128FCC229}.Release|x64.Build.0 = Release|x64
		{E8CB48D6-7468-413B-940C-DB6128FCC229}.Release|x86.ActiveCfg = Release|Win32
		{E8CB48D6-7468-413B-940C-DB6128FCC229}.Release|x86.Build.0 = Release|Win32
		{2B69B12C-8E50-4B7E-AB29-1D599FDE4B98}.Debug|x64.ActiveCfg = Debug|x64
		{2B69B12C-8E50-4B7E-AB29-1D599FDE4B98}.Debug|x64.Build.0 = Debug|x64
		{2B69B12C-8E50-4B7E-AB29-1D599FDE4B98}.Debug|x86.ActiveCfg = Debug|Win32
		{2B69B12C-8E50-4B7E-AB29-1D599FDE4B98}.Debug|x86.Build.0 = Debug|Win32
		{2B69B12C-8E50-4B7E-AB29-1D599FDE4B98}.Release|x64.ActiveCfg = Release|x64
		{2B69B12C-8E50-4B7E-AB29-1D599FDE4B98}.Release|x64.Build.0 = Release|x64
		{2B69B12C-8E50-4B7E-AB29-1D599FDE4B98}.Release|x86.ActiveCfg = Release|Win32
		{2B69B12C-8E50-4B7E-AB29-1D599FDE4B98}.Release|x86.Build.0 = Release|Win32
		{12CE92F2-31F8-4B33-9BAA-61A908FB366F}.Debug|x64.ActiveCfg = Debug|x64
		{12CE92F2-31F8-4B33-9BAA-61A908FB366F}.Debug|x64.Build.0 = Debug|x64
		{12CE92F2-31F8-4B33-9BAA-61A908FB366F}.Debug|x86.ActiveCfg = Debug|Win32
		{12CE92F2-31F8-4B33-9BAA-61A908FB366F}.Debug|x86.Build.0 = Debug|Win32
		{12CE92F2-31F8-4B33-9BAA-61A908FB366F}.Release|x64.ActiveCfg = Release|x64
		{12CE92F2-31F8-4B33-9BAA-61A908FB366F}.Release|x64.Build.0 = Release|x64
		{12CE92F2-31F8-4B33-9BAA-61A908FB366F}.Release|x86.ActiveCfg = Release|Win32
		{12CE92F2-31F8-4B33-9BAA-61A908FB366F}.Release|x86.Build.0 = Release|Win32
		{4391432F-243E-49B2-A53F-DCF9691A67B4}.Debug|x64.ActiveCfg = Debug|x64
		{4391432F-243E-49B2-A53F-DCF9691A67B4}.Debug|x64.Build.0 = Debug|x64
		{4391432F-243E-49B2-A53F-DCF9691A67B4}.Debug|x86.ActiveCfg = Debug|Win32
		{4391432F-243E-49B2-A53F-DCF9691A67B4}.Debug|x86.Build.0 = Debug|Win32
		{4391432F-243E-49B2-A53F-DCF9691A67B4}.Release|x64.ActiveCfg = Release|x64
		{4391432F-243E-49B2-A53F-DCF9691A67B4}.Release|x64.Build.0 = Release|x64
		{4391432F-243E-49B2-A53F-DCF9691A67B4}.Release|x86.ActiveCfg = Release|Win32
		{4391432F-243E-49B2-A53F-DCF9691A67B4}.Release|x86.Build.0 = Release|Win32
		{2A4739FA-CD0F-450B-9932-2C04147C05FF}.Debug|x64.ActiveCfg = Debug|x64
		{2A4739FA-CD0F-450B-9932-2C04147C05FF}.Debug|x64.Build.0 = Debug|x64
		{2A4739FA-CD0F-450B-9932-2C04147C05FF}.Debug|x86.ActiveCfg = Debug|Win32
		{2A4739FA-CD0F-450B-9932-2C04147C05FF}.Debug|x86.Build.0 = Debug|Win32
		{2A4739FA-CD0F-450B-9932-2C04147C05FF}.Release|x64.ActiveCfg = Release|x64
		{2A4739FA-CD0F-450B-9932-2C04147C05FF}.Release|x64.Build.0 = Release|x64
		{2A4739FA-CD0F-450B-9932-2C04147C05FF}.Release|x86.ActiveCfg = Release|Win32
		{2A4739FA-CD0F-450B-9932-2C04147C05FF}.Release|x86.Build.0 = Release|Win32
		{67DE1914-9BEE-4BA9-96AB-C1ACFD1EAEE3}.Debug|x64.ActiveCfg = Debug|x64
		{67DE1914-9BEE-4BA9-96AB-C1ACFD1EAEE3}.Debug|x64.Build.0 = Debug|x64
		{67DE1914-9BEE-4BA9-96AB-C1ACFD1EAEE3}.Debug|x86.ActiveCfg = Debug|Win32
		{67DE1914-9BEE-4BA9-96AB-C1ACFD1EAEE3}.Debug|x86.Build.0 = Debug|Win32
		{67DE1914-9BEE-4BA9-96AB-C1ACFD1EAEE3}.Release|x64.ActiveCfg = Release|x64
		{67DE1914-9BEE-4BA9-96AB-C1ACFD1EAEE3}.Release|x64.Build.0 = Release|x64
		{67DE1914-9BEE-4BA9-96AB-C1ACFD1EAEE3}.Release|x86.ActiveCfg = Release|Win32
		{67DE1914-9BEE-4BA9-96AB-C1ACFD1EAEE3}.Release|x86.Build.0 = Release|Win32
		{F670175A-BBB1-4009-8B2D-E785B31A2481}.Debug|x64.ActiveCfg = Debug|x64
		{F670175A-BBB1-4009-8B2D-E785B31A2481}.Debug|x64.Build.0 = Debug|x64
		{F670175A-BBB1-4009-8B2D-E785B31A2481}.Debug|x86.ActiveCfg = Debug|Win32
		{F670175A-BBB1-4009-8B2D-E785B31A2481}.Debug|x86.Build.0 = Debug|Win32
		{F670175A-BBB1-4009-8B2D-E785B31A2481}.Release|x64.ActiveCfg = Release|x64
		{F670175A-BBB1-4009-8B2D-E785B31A2481}.Release|x64.Build.0 = Release|x64
		{F670175A-BBB1-4009-8B2D-E785B31A2481}.Release|x86.ActiveCfg = Release|Win32
		{F670175A-BBB1-4009-8B2D-E785B31A2481}.Release|x86.Build.0 = Release|Win32
		{F6DBA736-C432-4E47-A630-09EA8D28B40F}.Debug|x64.ActiveCfg = Debug|x64
		{F6DBA736-C432-4E47-A630-09EA8D28B40F}.Debug|x64.Build.0 = Debug|x64
		{F6DBA736-C432-4E47-A630-09EA8D28B40F}.Debug|x86.ActiveCfg = Debug|Win32
		{F6DBA736-C432-4E47-A630-09EA8D28B40F}.Debug|x86.Build.0 = Debug|Win32
		{F6DBA736-C432-4E47-A630-09EA8D28B40F}.Release|x64.ActiveCfg = Release|x64
		{F6DBA736-C432-4E47-A630-09EA8D28B40F}.Release|x64.Build.0 = Release|x64
		{F6DBA736-C432-4E47-A630-09EA8D28B40F}.Release|x86.ActiveCfg = Release|Win32
		{F6DBA736-C432-4E47-A630-09EA8D28B40F}.Release|x86.Build.0 = Release|Win32
		{D1F38D4B-8D3C-4102-AB03-18E0372AD283}.Debug|x64.ActiveCfg = Debug|x64
		{D1F38D4B-8D3C-4102-AB03-18E0372AD283}.Debug|x64.Build.0 = Debug|x64
		{D1F38D4B-8D3C-4102-AB03-18E0372AD283}.Debug|x86.ActiveCfg = Debug|Win32
		{D1F38D4B-8D3C-4102-AB03-18E0372AD283}.Debug|x86.Build.0 = Debug|Win32
		{D1F38D4B-8D3C-4102-AB03-18E0372AD283}.Release|x64.ActiveCfg = Release|x64
		{D1F38D4B-8D3C-4102-AB03-18E0372AD283}.Release|x64.Build.0 = Release|x64
		{D1F38D4B-8D3C-4102-AB03-18E0372AD283}.Release|x86.ActiveCfg = Release|Win32
		{D1F38D4B-8D3C-4102-AB03-18E0372AD283}.Release|x86.Build.0 = Release|Win32
		{1E42EC92-5B7E-4A7C-9403-2337349A91AA}.Debug|x64.ActiveCfg = Debug|x64
		{1E42EC92-5B7E-4A7C-9403-2337349A91AA}.Debug|x64.Build.0 = Debug|x64
		{1E42EC92-5B7E-4A7C-9403-2337349A91AA}.Debug|x86.ActiveCfg = Debug|Win32
		{1E42EC92-5B7E-4A7C-9403-2337349A91AA}.Debug|x86.Build.0 = Debug|Win32
		{1E42EC92-5B7E-4A7C-9403-2337349A91AA}.Release|x64.ActiveCfg = Release|x64
		{1E42EC92-5B7E-4A7C-9403-2337349A91AA}.Release|x64.Build.0 = Release|x64
		{1E42EC92-5B7E-4A7C-9403-2337349A91AA}.Release|x86.ActiveCfg = Release|Win32
		{1E42EC92-5B7E-4A7C-9403-2337349A91AA}.Release|x86.Build.0 = Release|Win32
		{0BAC08EE-7C17-40B9-AB9B-3D8A4835CE3C}.Debug|x64.ActiveCfg = Debug|x64
		{0BAC08EE-7C17-40B9-AB9B-3D8A4835CE3C}.Debug|x64.Build.0 = Debug|x64
		{0BAC08EE-7C17-40B9-AB9B-3D8A4835CE3C}.Debug|x86.ActiveCfg = Debug|Win32
		{0BAC08EE-7C17-40B9-AB9B-3D8A4835CE3C}.Debug|x86.Build.0 = Debug|Win32
		{0BAC08EE-7C17-40B9-AB9B-3D8A4835CE3C}.Release|x64.ActiveCfg = Release|x64
		{0BAC08EE-7C17-40B9-AB9B-3D8A4835CE3C}.Release|x64.Build.0 = Release|x64
		{0BAC08EE-7C17-40B9-AB9B-3D8A4835CE3C}.Release|x86.ActiveCfg = Release|Win32
		{0BAC08EE-7C17-40B9-AB9B-3D8A4835CE3C}.Release|x86.Build.0 = Release|Win32
		{DC0D55BB-D5BA-4FD5-8D68-7596CCB7DAF7}.Debug|x64.ActiveCfg = Debug|x64
		{DC0D55BB-D5BA-4FD5-8D68-7596CCB7DAF7}.Debug|x64.Build.0 = Debug|x64
		{DC0D55BB-D5BA-4FD5-8D68-7596CCB7DAF7}.Debug|x86.ActiveCfg = Debug|Win32
		{DC0D55BB-D5BA-4FD5-8D68-7596CCB7DAF7}.Debug|x86.Build.0 = Debug|Win32
		{DC0D55BB-D5BA-4FD5-8D68-7596CCB7DAF7}.Release|x64.ActiveCfg = Release|x64
		{DC0D55BB-D5BA-4FD5-8D68-7596CCB7DAF7}.Release|x64.Build.0 = Release|x64
		{DC0D55BB-D5BA-4FD5-8D68-7596CCB7DAF7}.Release|x86.ActiveCfg = Release|Win32
		{DC0D55BB-D5BA-4FD5-8D68-7596CCB7DAF7}.Release|x86.Build.0 = Release|Win32
		{CB0AA991-C84E-4B8F-89E6-1E25B5B306C5}.Debug|x64.ActiveCfg = Debug|x64
		{CB0AA991-C84E-4B8F-89E6-1E25B5B306C5}.Debug|x64.Build.0 = Debug|x64
		{CB0AA991-C84E-4B8F-89E6-1E25B5B306C5}.Debug|x86.ActiveCfg = Debug|Win32
		{CB0AA991-C84E-4B8F-89E6-1E25B5B306C5}.Debug|x86.Build.0 = Debug|Win32
		{CB0AA991-C84E-4B8F-89E6-1E25B5B306C5}.Release|x64.ActiveCfg = Release|x64
		{CB0AA991-C84E-4B8F-89E6-1E25B5B306C5}.Release|x64.Build.0 = Release|x64
		{CB0AA991-C84E-4B8F-89E6-1E25B5B306C5}.Release|x86.ActiveCfg = Release|Win32
		{CB0AA991-C84E-4B8F-89E6-1E25B5B306C5}.Release|x86.Build.0 = Release|Win32
		{6E6E2B03-EFB6-4000-964E-2A632260F3D8}.Debug|x64.ActiveCfg = Debug|x64
		{6E6E2B03-EFB6-4000-964E-2A632260F3D8}.Debug|x64.Build.0 = Debug|x64
		{6E6E2B03-EFB6-4000-964E-2A632260F3D8}.Debug|x86.ActiveCfg = Debug|Win32
		{6E6E2B03-EFB6-4000-964E-2A632260F3D8}.Debug|x86.Build.0 = Debug|Win32
		{6E6E2B03-EFB6-4000-964E-2A632260F3D8}.Release|x64.ActiveCfg = Release|x64
		{6E6E2B03-EFB6-4000-964E-2A632260F3D8}.Release|x64.Build.0 = Release|x64
		{6E6E2B03-EFB6-4000-964E-2A632260F3D8}.Release|x86.ActiveCfg = Release|Win32
		{6E6E2B03-EFB6-4000-964E-2A632260F3D8}.Release|x86.Build.0 = Release|Win32
		{906DF7CB-7808-480F-A682-B8576EA6ECA1}.Debug|x64.ActiveCfg = Debug|x64
		{906DF7CB-7808-480F-A682-B8576EA6ECA1}.Debug|x64.Build.0 = Debug|x64
		{906DF7CB-7808-480F-A682-B8576EA6ECA1}.Debug|x86.ActiveCfg = Debug|Win32
		{906DF7CB-7808-480F-A682-B8576EA6ECA1}.Debug|x86.Build.0 = Debug|Win32
		{906DF7CB-7808-480F-A682-B8576EA6ECA1}.Release|x64.ActiveCfg = Release|x64
		{906DF7CB-7808-480F-A682-B8576EA6ECA1}.Release|x64.Build.0 = Release|x64
		{906DF7CB-7808-480F-A682-B8576EA6ECA1}.Release|x86.ActiveCfg = Release|Win32
		{906DF7CB-7808-480F-A682-B8576EA6ECA1}.Release|x86.Build.0 = Release|Win32
		{A36E7493-9DF3-4FB9-A9CF-A5752CFD15B9}.Debug|x64.ActiveCfg = Debug|x64
		{A36E7493-9DF3-4FB9-A9CF-A5752CFD15B9}.Debug|x64.Build.0 = Debug|x64
		{A36E7493-9DF3-4FB9-A9CF-A5752CFD15B9}.Debug|x86.ActiveCfg = Debug|Win32
		{A36E7493-9DF3-4FB9-A9CF-A5752CFD15B9}.Debug|x86.Build.0 = Debug|Win32
		{A36E7493-9DF3-4FB9-A9CF-A5752CFD15B9}.Release|x64.ActiveCfg = Release|x64
		{A36E7493-9DF3-4FB9-A9CF-A5752CFD15B9}.Release|x64.Build.0 = Release|x64
		{A36E7493-9DF3-4FB9-A9CF-A5752CFD15B9}.Release|x86.ActiveCfg = Release|Win32
		{A36E7493-9DF3-4FB9-A9CF-A5752CFD15B9}.Release|x86.Build.0 = Release|Win32
		{2270F2A4-C795-4E80-9B71-C2B6D6AC41CC}.Debug|x64.ActiveCfg = Debug|x64
		{2270F2A4-C795-4E80-9B71-C2B6D6AC41CC}.Debug|x64.Build.0 = Debug|x64
		{2270F2A4-C795-4E80-9B71-C2B6D6AC41CC}.Debug|x86.ActiveCfg = Debug|Win32
		{2270F2A4-C795-4E80-9B71-C2B6D6AC41CC}.Debug|x86.Build.0 = Debug|Win32
		{2270F2A4-C795-4E80-9B71-C2B6D6AC41CC}.Release|x64.ActiveCfg = Release|x64
		{2270F2A4-C795-4E80-9B71-C2B6D6AC41CC}.Release|x64.Build.0 = Release|x64
		{2270F2A4-C795-4E80-9B71-C2B6D6AC41CC}.Release|x86.ActiveCfg = Release|Win32
		{2270F2A4-C795-4E80-9B71-C2B6D6AC41CC}.Release|x86.Build.0 = Release|Win32
		{DFC7AA5B-E18C-4C41-86B5-4E9361A7B764}.Debug|x64.ActiveCfg = Debug|x64
		{DFC7AA5B-E18C-4C41-86B5-4E9361A7B764}.Debug|x64.Build.0 = Debug|x64
		{DFC7AA5B-E18C-4C41-86B5-4E9361A7B764}.Debug|x86.ActiveCfg = Debug|Win32
		{DFC7AA5B-E18C-4C41-86B5-4E9361A7B764}.Debug|x86.Build.0 = Debug|Win32
		{DFC7AA5B-E18C-4C41-86B5-4E9361A7B764}.Release|x64.ActiveCfg = Release|x64
		{DFC7AA5B-E18C-4C41-86B5-4E9361A7B764}.Release|x64.Build.0 = Release|x64
		{DFC7AA5B-E18C-4C41-86B5-4E9361A7B764}.Release|x86.ActiveCfg = Release|Win32
		{DFC7AA5B-E18C-4C41-86B5-4E9361A7B764}.Release|x86.Build.0 = Release|Win32
		{B2CF0985-1B23-4E45-9F07-45F8D62D3061}.Debug|x64.ActiveCfg = Debug|x64
		{B2CF0985-1B23-4E45-9F07-45F8D62D3061}.Debug|x64.Build.0 = Debug|x64
		{B2CF0985-1B23-4E45-9F07-45F8D62D3061}.Debug|x86.ActiveCfg = Debug|Win32
		{B2CF0985-1B23-4E45-9F07-45F8D62D3061}.Debug|x86.Build.0 = Debug|Win32
		{B2CF0985-1B23-4E45-9F07-45F8D62D3061}.Release|x64.ActiveCfg = Release|x64
		{B2CF0985-1B23-4E45-9F07-45F8D62D3061}.Release|x64.Build.0 = Release|x64
		{B2CF0985-1B23-4E45-9F07-45F8D62D3061}.Release|x86.ActiveCfg = Release|Win32
		{B2CF0985-1B23-4E45-9F07-45F8D62D3061}.Release|x86.Build.0 = Release|Win32
		{82B372B3-37FC-44D7-9CBA-CDBA8523EBA5}.Debug|x64.ActiveCfg = Debug|x64
		{82B372B3-37FC-44D7-9CBA-CDBA8523EBA5}.Debug|x64.Build.0 = Debug|x64
		{82B372B3-37FC-44D7-9CBA-CDBA8523EBA5}.Debug|x86.ActiveCfg = Debug|Win32
		{82B372B3-37FC-44D7-9CBA-CDBA8523EBA5}.Debug|x86.Build.0 = Debug|Win32
		{82B372B3-37FC-44D7-9CBA-CDBA8523EBA5}.Release|x64.ActiveCfg = Release|x64
		{82B372B3-37FC-44D7-9CBA-CDBA8523EBA5}.Release|x64.Build.0 = Release|x64
		{82B372B3-37FC-44D7-9CBA-CDBA8523EBA5}.Release|x86.ActiveCfg = Release|Win32
		{82B372B3-37FC-44D7-9CBA-CDBA8523EBA5}.Release|x86.Build.0 = Release|Win32
		{F2958187-02E6-4440-915F-E4470D21BC0D}.Debug|x64.ActiveCfg = Debug|x64
		{F2958187-02E6-4440-915F-E4470D21BC0D}.Debug|x64.Build.0 = Debug|x64
		{F2958187-02E6-4440-915F-E4470D21BC0D}.Debug|x86.ActiveCfg = Debug|Win32
		{F2958187-02E6-4440-915F-E4470D21BC0D}.Debug|x86.Build.0 = Debug|Win32
		{F2958187-02E6-4440-915F-E4470D21BC0D}.Release|x64.ActiveCfg = Release|x64
		{F2958187-02E6-4440-915F-E4470D21BC0D}.Release|x64.Build.0 = Release|x64
		{F2958187-02E6-4440-915F-E4470D21BC0D}.Release|x86.ActiveCfg = Release|Win32
		{F2958187-02E6-4440-915F-E4470D21BC0D}.Release|x86.Build.0 = Release|Win32
		{892CC62B-5A40-42D9-A352-20E53BE2BAE5}.Debug|x64.ActiveCfg = Debug|x64
		{892CC62B-5A40-42D9-A352-20E53BE2BAE5}.Debug|x64.Build.0 = Debug|x64
		{892CC62B-5A40-42D9-A352-20E53BE2BAE5}.Debug|x86.ActiveCfg = Debug|Win32
		{892CC62B-5A40-42D9-A352-20E53BE2BAE5}.Debug|x86.Build.0 = Debug|Win32
		{892CC62B-5A40-42D9-A352-20E53BE2BAE5}.Release|x64.ActiveCfg = Release|x64
		{892CC62B-5A40-42D9-A352-20E53BE2BAE5}.Release|x64.Build.0 = Release|x64
		{892CC62B-5A40-42D9-A352-20E53BE2BAE5}.Release|x86.ActiveCfg = Release|Win32
		{892CC62B-5A40-42D9-A352-20E53BE2BAE5}.Release|x86.Build.0 = Release|Win32
		{66DE5CDB-5897-49CC-9E47-8A536DE85C2B}.Debug|x64.ActiveCfg = Debug|x64
		{66DE5CDB-5897-49CC-9E47-8A536DE85C2B}.Debug|x64.Build.0 = Debug|x64
		{66DE5CDB-5897-49CC-9E47-8A536DE85C2B}.Debug|x86.ActiveCfg = Debug|Win32
		{66DE5CDB-5897-49CC-9E47-8A536DE85C2B}.Debug|x86.Build.0 = Debug|Win32
		{66DE5CDB-5897-49CC-9E47-8A536DE85C2B}.Release|x64.ActiveCfg = Release|x64
		{66DE5CDB-5897-49CC-9E47-8A536DE85C2B}.Release|x64.Build.0 = Release|x64
		{66DE5CDB-5897-49CC-9E47-8A536DE85C2B}.Release|x86.ActiveCfg = Release|Win32
		{66DE5CDB-5897-49CC-9E47-8A536DE85C2B}.Release|x86.Build.0 = Release|Win32
		{BDB7807C-35D1-4956-BECF-530A78EC2B95}.Debug|x64.ActiveCfg = Debug|x64
		{BDB7807C-35D1-4956-BECF-530A78EC2B95}.Debug|x64.Build.0 = Debug|x64
		{BDB7807C-35D1-4956-BECF-530A78EC2B95}.Debug|x86.ActiveCfg = Debug|Win32
		{BDB7807C-35D1-4956-BECF-530A78EC2B95}.Debug|x86.Build.0 = Debug|Win32
		{BDB7807C-35D1-4956-BECF-530A78EC2B95}.Release|x64.ActiveCfg = Release|x64
		{BDB7807C-35D1-4956-BECF-530A78EC2B95}.Release|x64.Build.0 = Release|x64
		{BDB7807C-35D1-4956-BECF-530A78EC2B95}.Release|x86.ActiveCfg = Release|Win32
		{BDB7807C-35D1-4956-BECF-530A78EC2B95}.Release|x86.Build.0 = Release|Win32
		{24835C37-7C79-4D5D-A24F-C838B11A5BB2}.Debug|x64.ActiveCfg = Debug|x64
		{24835C37-7C79-4D5D-A24F-C838B11A5BB2}.Debug|x64.Build.0 = Debug|x64
		{24835C37-7C79-4D5D-A24F-C838B11A5BB2}.Debug|x86.ActiveCfg = Debug|Win32
		{24835C37-7C79-4D5D-A24F-C838B11A5BB2}.Debug|x86.Build.0 = Debug|Win32
		{24835C37-7C79-4D5D-A24F-C838B11A5BB2}.Release|x64.ActiveCfg = Release|x64
		{24835C37-7C79-4D5D-A24F-C838B11A5BB2}.Release|x64.Build.0 = Release|x64
		{24835C37-7C79-4D5D-A24F-C838B11A5BB2}.Release|x86.ActiveCfg = Release|Win32
		{24835C37-7C79-4D5D-A24F-C838B11A5BB2}.Release|x86.Build.0 = Release|Win32
		{A4212405-C7B6-4982-8BCB-3FC49B4982DD}.Debug|x64.ActiveCfg = Debug|x64
		{A4212405-C7B6-4982-8BCB-3FC49B4982DD}.Debug|x64.Build.0 = Debug|x64
		{A4212405-C7B6-4982-8BCB-3FC49B4982DD}.Debug|x86.ActiveCfg = Debug|Win32
		{A4212405-C7B6-4982-8BCB-3FC49B4982DD}.Debug|x86.Build.0 = Debug|Win32
		{A4212405-C7B6-4982-8BCB-3FC49B4982DD}.Release|x64.ActiveCfg = Release|x64
		{A4212405-C7B6-4982-8BCB-3FC49B4982DD}.Release|x64.Build.0 = Release|x64
		{A4212405-C7B6-4982-8BCB-3FC49B4982DD}.Release|x86.ActiveCfg = Release|Win32
		{A4212405-C7B6-4982-8BCB-3FC49B4982DD}.Release|x86.Build.0 = Release|Win32
		{00D471C7-B791-4936-8898-356FFBDCCCC0}.Debug|x64.ActiveCfg = Debug|x64
		{00D471C7-B791-4936-8898-356FFBDCCCC0}.Debug|x64.Build.0 = Debug|x64
		{00D471C7-B791-4936-8898-356FFBDCCCC0}.Debug|x86.ActiveCfg = Debug|Win32
		{00D471C7-B791-4936-8898-356FFBDCCCC0}.Debug|x86.Build.0 = Debug|Win32
		{00D471C7-B791-4936-8898-356FFBDCCCC0}.Release|x64.ActiveCfg = Release|x64
		{00D471C7-B791-4936-8898-356FFBDCCCC0}.Release|x64.Build.0 = Release|x64
		{00D471C7-B791-4936-8898-356FFBDCCCC0}.Release|x86.ActiveCfg = Release|Win32
		{00D471C7-B791-4936-8898-356FFBDCCCC0}.Release|x86.Build.0 = Release|Win32
		{92CF3478-1081-419C-8547-C4E7DF66F5E9}.Debug|x64.ActiveCfg = Debug|x64
		{92CF3478-1081-419C-8547-C4E7DF66F5E9}.Debug|x64.Build.0 = Debug|x64
		{92CF3478-1081-419C-8547-C4E7DF66F5E9}.Debug|x86.ActiveCfg = Debug|Win32
		{92CF3478-1081-419C-8547-C4E7DF66F5E9}.Debug|x86.Build.0 = Debug|Win32
		{92CF3478-1081-419C-8547-C4E7DF66F5E9}.Release|x64.ActiveCfg = Release|x64
		{92CF3478-1081-419C-8547-C4E7DF66F5E9}.Release|x64.Build.0 = Release|x64
		{92CF3478-1081-419C-8547-C4E7DF66F5E9}.Release|x86.ActiveCfg = Release|Win32
		{92CF3478-1081-419C-8547-C4E7DF66F5E9}.Release|x86.Build.0 = Release|Win32
		{63A8DD5A-8FCC-4FFB-8BBC-929A5170B508}.Debug|x64.ActiveCfg = Debug|x64
		{63A8DD5A-8FCC-4FFB-8BBC-929A5170B508}.Debug|x64.Build.0 = Debug|x64
		{63A8DD5A-8FCC-4FFB-8BBC-929A5170B508}.Debug|x86.ActiveCfg = Debug|Win32
		{63A8DD5A-8FCC-4FFB-8BBC-929A5170B508}.Debug|x86.Build.0 = Debug|Win32
		{63A8DD5A-8FCC-4FFB-8BBC-929A5170B508}.Release|x64.ActiveCfg = Release|x64
		{63A8DD5A-8FCC-4FFB-8BBC-929A5170B508}.Release|x64.Build.0 = Release|x64
		{63A8DD5A-8FCC-4FFB-8BBC-929A5170B508}.Release|x86.ActiveCfg = Release|Win32
		{63A8DD5A-8FCC-4FFB-8BBC-929A5170B508}.Release|x86.Build.0 = Release|Win32
		{F784FFCB-C04C-40AF-8F7B-44D241F8D0C2}.Debug|x64.ActiveCfg = Debug|x64
		{F784FFCB-C04C-40AF-8F7B-44D241F8D0C2}.Debug|x64.Build.0 = Debug|x64
		{F784FFCB-C04C-40AF-8F7B-44D241F8D0C2}.Debug|x86.ActiveCfg = Debug|Win32
		{F784FFCB-C04C-40AF-8F7B-44D241F8D0C2}.Debug|x86.Build.0 = Debug|Win32
		{F784FFCB-C04C-40AF-8F7B-44D241F8D0C2}.Release|x64.ActiveCfg = Release|x64
		{F784FFCB-C04C-40AF-8F7B-44D241F8D0C2}.Release|x64.Build.0 = Release|x64
		{F784FFCB-C04C-40AF-8F7B-44D241F8D0C2}.Release|x86.ActiveCfg = Release|Win32
		{F784FFCB-C04C-40AF-8F7B-44D241F8D0C2}.Release|x86.Build.0 = Release|Win32
		{2CE08ED7-6E93-4C0B-981B-78861502E6C9}.Debug|x64.ActiveCfg = Debug|x64
		{2CE08ED7-6E93-4C0B-981B-78861502E6C9}.Debug|x64.Build.0 = Debug|x64
		{2CE08ED7-6E93-4C0B-981B-78861502E6C9}.Debug|x86.ActiveCfg = Debug|Win32
		{2CE08ED7-6E93-4C0B-981B-78861502E6C9}.Debug|x86.Build.0 = Debug|Win32
		{2CE08ED7-6E93-4C0B-981B-78861502E6C9}.Release|x64.ActiveCfg = Release|x64
		{2CE08ED7-6E93-4C0B-981B-78861502E6C9}.Release|x64.Build.0 = Release|x64
		{2CE08ED7-6E93-4C0B-981B-78861502E6C9}.Release|x86.ActiveCfg = Release|Win32
		{2CE08ED7-6E93-4C0B-981B-78861502E6C9}.Release|x86.Build.0 = Release|Win32
		{68F9AAAD-92D6-4087-8FEE-327F41D46F05}.Debug|x64.ActiveCfg = Debug|x64
		{68F9AAAD-92D6-4087-8FEE-327F41D46F05}.Debug|x64.Build.0 = Debug|x64
		{68F9AAAD-92D6-4087-8FEE-327F41D46F05}.Debug|x86.ActiveCfg = Debug|Win32
		{68F9AAAD-92D6-4087-8FEE-327F41D46F05}.Debug|x86.Build.0 = Debug|Win32
		{68F9AAAD-92D6-4087-8FEE-327F41D46F05}.Release|x64.ActiveCfg = Release|x64
		{68F9AAAD-92D6-4087-8FEE-327F41D46F05}.Release|x64.Build.0 = Release|x64
		{68F9AAAD-92D6-4087-8FEE-327F41D46F05}.Release|x86.ActiveCfg = Release|Win32
		{68F9AAAD-92D6-4087-8FEE-327F41D46F05}.Release|x86.Build.0 = Release|Win32
		{7BCA2FBE-4D61-41A9-BFD2-D6D340FCCFBB}.Debug|x64.ActiveCfg = Debug|x64
		{7BCA2FBE-4D61-41A9-BFD2-D6D340FCCFBB}.Debug|x64.Build.0 = Debug|x64
		{7BCA2FBE-4D61-41A9-BFD2-D6D340FCCFBB}.Debug|x86.ActiveCfg = Debug|Win32
		{7BCA2FBE-4D61-41A9-BFD2-D6D340FCCFBB}.Debug|x86.Build.0 = Debug|Win32
		{7BCA2FBE-4D61-41A9-BFD2-D6D340FCCFBB}.Release|x64.ActiveCfg = Release|x64
		{7BCA2FBE-4D61-41A9-BFD2-D6D340FCCFBB}.Release|x64.Build.0 = Release|x64
		{7BCA2FBE-4D61-41A9-BFD2-D6D340FCCFBB}.Release|x86.ActiveCfg = Release|Win32
		{7BCA2FBE-4D61-41A9-BFD2-D6D340FCCFBB}.Release|x86.Build.0 = Release|Win32
		{2B548DEE-8739-4D8E-BFAE-F9115DDCB783}.Debug|x64.ActiveCfg = Debug|x64
		{2B548DEE-8739-4D8E-BFAE-F9115DDCB783}.Debug|x64.Build.0 = Debug|x64
		{2B548DEE-8739-4D8E-BFAE-F9115DDCB783}.Debug|x86.ActiveCfg = Debug|Win32
		{2B548DEE-8739-4D8E-BFAE-F9115DDCB783}.Debug|x86.Build.0 = Debug|Win32
		{2B548DEE-8739-4D8E-BFAE-F9115DDCB783}.Release|x64.ActiveCfg = Release|x64
		{2B548DEE-8739-4D8E-BFAE-F9115DDCB783}.Release|x64.Build.0 = Release|x64
		{2B548DEE-8739-4D8E-BFAE-F9115DDCB783}.Release|x86.ActiveCfg = Release|Win32
		{2B548DEE-8739-4D8E-BFAE-F9115DDCB783}.Release|x86.Build.0 = Release|Win32
		{0BC77B74-5E61-4C12-81A9-9ACE7BA61CBE}.Debug|x64.ActiveCfg = Debug|x64
		{0BC77B74-5E61-4C12-81A9-9ACE7BA61CBE}.Debug|x64.Build.0 = Debug|x64
		{0BC77B74-5E61-4C12-81A9-9ACE7BA61CBE}.Debug|x86.ActiveCfg = Debug|Win32
		{0BC77B74-5E61-4C12-81A9-9ACE7BA61CBE}.Debug|x86.Build.0 = Debug|Win32
		{0BC77B74-5E61-4C12-81A9-9ACE7BA61CBE}.Release|x64.ActiveCfg = Release|x64
		{0BC77B74-5E61-4C12-81A9-9ACE7BA61CBE}.Release|x64.Build.0 = Release|x64
		{0BC77B74-5E61-4C12-81A9-9ACE7BA61CBE}.Release|x86.ActiveCfg = Release|Win32
		{0BC77B74-5E61-4C12-81A9-9ACE7BA61CBE}.Release|x86.Build.0 = Release|Win32
		{2B242FEF-62F4-4076-BC5D-C62803A8501A}.Debug|x64.ActiveCfg = Debug|x64
		{2B242FEF-62F4-4076-BC5D-C62803A8501A}.Debug|x64.Build.0 = Debug|x64
		{2B242FEF-62F4-4076-BC5D-C62803A8501A}.Debug|x86.ActiveCfg = Debug|Win32
		{2B242FEF-62F4-4076-BC5D-C62803A8501A}.Debug|x86.Build.0 = Debug|Win32
		{2B242FEF-62F4-4076-BC5D-C62803A8501A}.Release|x64.ActiveCfg = Release|x64
		{2B242FEF-62F4-4076-BC5D-C62803A8501A}.Release|x64.Build.0 = Release|x64
		{2B242FEF-62F4-4076-BC5D-C62803A8501A}.Release|x86.ActiveCfg = Release|Win32
		{2B242FEF-62F4-4076-BC5D-C62803A8501A}.Release|x86.Build.0 = Release|Win32
		{428D6CB5-3059-4DDE-A634-82DF7E106A06}.Debug|x64.ActiveCfg = Debug|x64
		{428D6CB5-3059-4DDE-A634-82DF7E106A06}.Debug|x64.Build.0 = Debug|x64
		{428D6CB5-3059-4DDE-A634-82DF7E106A06}.Debug|x86.ActiveCfg = Debug|Win32
		{428D6CB5-3059-4DDE-A634-82DF7E106A06}.Debug|x86.Build.0 = Debug|Win32
		{428D6CB5-3059-4DDE-A634-82DF7E106A06}.Release|x64.ActiveCfg = Release|x64
		{428D6CB5-3059-4DDE-A634-82DF7E106A06}.Release|x64.Build.0 = Release|x64
		{428D6CB5-3059-4DDE-A634-82DF7E106A06}.Release|x86.ActiveCfg = Release|Win32
		{428D6CB5-3059-4DDE-A634-82DF7E106A06}.Release|x86.Build.0 = Release|Win32
		{46ACCACC-C875-4346-A5EC-7324AA12A8F6}.Debug|x64.ActiveCfg = Debug|x64
		{46ACCACC-C875-4346-A5EC-7324AA12A8F6}.Debug|x64.Build.0 = Debug|x64
		{46ACCACC-C875-4346-A5EC-7324AA12A8F6}.Debug|x86.ActiveCfg = Debug|Win32
		{46ACCACC-C875-4346-A5EC-7324AA12A8F6}.Debug|x86.Build.0 = Debug|Win32
		{46ACCACC-C875-4346-A5EC-7324AA12A8F6}.Release|x64.ActiveCfg = Release|x64
		{46ACCACC-C875-4346-A5EC-7324AA12A8F6}.Release|x64.Build.0 = Release|x64
		{46ACCACC-C875-4346-A5EC-7324AA12A8F6}.Release|x86.ActiveCfg = Release|Win32
		{46ACCACC-C875-4346-A5EC-7324AA12A8F6}.Release|x86.Build.0 = Release|Win32
		{5E44BE4F-8CFE-429F-B695-62693B83BEC9}.Debug|x64.ActiveCfg = Debug|x64
		{5E44BE4F-8CFE-429F-B695-62693B83BEC9}.Debug|x64.Build.0 = Debug|x64
		{5E44BE4F-8CFE-429F-B695-62693B83BEC9}.Debug|x86.ActiveCfg = Debug|Win32
		{5E44BE4F-8CFE-429F-B695-62693B83BEC9}.Debug|x86.Build.0 = Debug|Win32
		{5E44BE4F-8CFE-429F-B695-62693B83BEC9}.Release|x64.ActiveCfg = Release|x64
		{5E44BE4F-8CFE-429F-B695-62693B83BEC9}.Release|x64.Build.0 = Release|x64
		{5E44BE4F-8CFE-429F-B695-62693B83BEC9}.Release|x86.ActiveCfg = Release|Win32
		{5E44BE4F-8CFE-429F-B695-62693B83BEC9}.Release|x86.Build.0 = Release|Win32
		{B92C8FA6-C6A4-4055-9B58-C42479394E90}.Debug|x64.ActiveCfg = Debug|x64
		{B92C8FA6-C6A4-4055-9B58-C42479394E90}.Debug|x64.Build.0 = Debug|x64
		{B92C8FA6-C6A4-4055-9B58-C42479394E90}.Debug|x86.ActiveCfg = Debug|Win32
		{B92C8FA6-C6A4-4055-9B58-C42479394E90}.Debug|x86.Build.0 = Debug|Win32
		{B92C8FA6-C6A4-4055-9B58-C42479394E90}.Release|x64.ActiveCfg = Release|x64
		{B92C8FA6-C6A4-4055-9B58-C42479394E90}.Release|x64.Build.0 = Release|x64
		{B92C8FA6-C6A4-4055-9B58-C42479394E90}.Release|x86.ActiveCfg = Release|Win32
		{B92C8FA6-C6A4-4055-9B58-C42479394E90}.Release|x86.Build.0 = Release|Win32
		{5ADDA40D-4E7D-42D7-BF13-4EE0F9617F44}.Debug|x64.ActiveCfg = Debug|x64
		{5ADDA40D-4E7D-42D7-BF13-4EE0F9617F44}.Debug|x64.Build.0 = Debug|x64
		{5ADDA40D-4E7D-42D7-BF13-4EE0F9617F44}.Debug|x86.ActiveCfg = Debug|Win32
		{5ADDA40D-4E7D-42D7-BF13-4EE0F9617F44}.Debug|x86.Build.0 = Debug|Win32
		{5ADDA40D-4E7D-42D7-BF13-4EE0F9617F44}.Release|x64.ActiveCfg = Release|x64
		{5ADDA40D-4E7D-42D7-BF13-4EE0F9617F44}.Release|x64.Build.0 = Release|x64
		{5ADDA40D-4E7D-42D7-BF13-4EE0F9617F44}.Release|x86.ActiveCfg = Release|Win32
		{5ADDA40D-4E7D-42D7-BF13-4EE0F9617F44}.Release|x86.Build.0 = Release|Win32
		{0BCC62A2-E087-41F1-B8BA-10BBE24425E7}.Debug|x64.ActiveCfg = Debug|x64
		{0BCC62A2-E087-41F1-B8BA-10BBE24425E7}.Debug|x64.Build.0 = Debug|x64
		{0BCC62A2-E087-41F1-B8BA-10BBE24425E7}.Debug|x86.ActiveCfg = Debug|Win32
		{0BCC62A2-E087-41F1-B8BA-10BBE24425E7}.Debug|x86.Build.0 = Debug|Win32
		{0BCC62A2-E087-41F1-B8BA-10BBE24425E7}.Release|x64.ActiveCfg = Release|x64
		{0BCC62A2-E087-41F1-B8BA-10BBE24425E7}.Release|x64.Build.0 = Release|x64
		{0BCC62A2-E087-41F1-B8BA-10BBE24425E7}.Release|x86.ActiveCfg = Release|Win32
		{0BCC62A2-E087-41F1-B8BA-10BBE24425E7}.Release|x86.Build.0 = Release|Win32
		{4738CE26-D736-4E20-AFFA-0B03C4E7B0AB}.Debug|x64.ActiveCfg = Debug|x64
		{4738CE26-D736-4E20-AFFA-0B03C4E7B0AB}.Debug|x64.Build.0 = Debug|x64
		{4738CE26-D736-4E20-AFFA-0B03C4E7B0AB}.Debug|x86.ActiveCfg = Debug|Win32
		{4738CE26-D736-4E20-AFFA-0B03C4E7B0AB}.Debug|x86.Build.0 = Debug|Win32
		{4738CE26-D736-4E20-AFFA-0B03C4E7B0AB}.Release|x64.ActiveCfg = Release|x64
		{4738CE26-D736-4E20-AFFA-0B03C4E7B0AB}.Release|x64.Build.0 = Release|x64
		{4738CE26-D736-4E20-AFFA-0B03C4E7B0AB}.Release|x86.ActiveCfg = Release|Win32
		{4738CE26-D736-4E20-AFFA-0B03C4E7B0AB}.Release|x86.Build.0 = Release|Win32
		{7B8B289C-FE12-4BB9-91E5-868A27A39A72}.Debug|x64.ActiveCfg = Debug|x64
		{7B8B289C-FE12-4BB9-91E5-868A27A39A72}.Debug|x64.Build.0 = Debug|x64
		{7B8B289C-FE12-4BB9-91E5-868A27A39A72}.Debug|x86.ActiveCfg = Debug|Win32
		{7B8B289C-FE12-4BB9-91E5-868A27A39A72}.Debug|x86.Build.0 = Debug|Win32
		{7B8B289C-FE12-4BB9-91E5-868A27A39A72}.Release|x64.ActiveCfg = Release|x64
		{7B8B289C-FE12-4BB9-91E5-868A27A39A72}.Release|x64.Build.0 = Release|x64
		{7B8B289C-FE12-4BB9-91E5-868A27A39A72}.Release|x86.ActiveCfg = Release|Win32
		{7B8B289C-FE12-4BB9-91E5-868A27A39A72}.Release|x86.Build.0 = Release|Win32
		{3940210F-FFB7-47C8-8C4B-045DACF19D6A}.Debug|x64.ActiveCfg = Debug|x64
		{3940210F-FFB7-47C8-8C4B-045DACF19D6A}.Debug|x64.Build.0 = Debug|x64
		{3940210F-FFB7-47C8-8C4B-045DACF19D6A}.Debug|x86.ActiveCfg = Debug|Win32
		{3940210F-FFB7-47C8-8C4B-045DACF19D6A}.Debug|x86.Build.0 = Debug|Win32
		{3940210F-FFB7-47C8-8C4B-045DACF19D6A}.Release|x64.ActiveCfg = Release|x64
		{3940210F-FFB7-47C8-8C4B-045DACF19D6A}.Release|x64.Build.0 = Release|x64
		{3940210F-FFB7-47C8-8C4B-045DACF19D6A}.Release|x86.ActiveCfg = Release|Win32
		{3940210F-FFB7-47C8-8C4B-045DACF19D6A}.Release|x86.Build.0 = Release|Win32
		{86A359CB-3B96-45B4-AFBD-8CB888B69256}.Debug|x64.ActiveCfg = Debug|x64
		{86A359CB-3B96-45B4-AFBD-8CB888B69256}.Debug|x64.Build.0 = Debug|x64
		{86A359CB-3B96-45B4-AFBD-8CB888B69256}.Debug|x86.ActiveCfg = Debug|Win32
		{86A359CB-3B96-45B4-AFBD-8CB888B69256}.Debug|x86.Build.0 = Debug|Win32
		{86A359CB-3B96-45B4-AFBD-8CB888B69256}.Release|x64.ActiveCfg = Release|x64
		{86A359CB-3B96-45B4-AFBD-8CB888B69256}.Release|x64.Build.0 = Release|x64
		{86A359CB-3B96-45B4-AFBD-8CB888B69256}.Release|x86.ActiveCfg = Release|Win32
		{86A359CB-3B96-45B4-AFBD-8CB888B69256}.Release|x86.Build.0 = Release|Win32
		{2B0877F6-4F04-46FA-9FBB-853B3C21B70F}.Debug|x64.ActiveCfg = Debug|x64
		{2B0877F6-4F04-46FA-9FBB-853B3C21B70F}.Debug|x64.Build.0 = Debug|x64
		{2B0877F6-4F04-46FA-9FBB-853B3C21B70F}.Debug|x86.ActiveCfg = Debug|Win32
		{2B0877F6-4F04-46FA-9FBB-853B3C21B70F}.Debug|x86.Build.0 = Debug|Win32
		{2B0877F6-4F04-46FA-9FBB-853B3C21B70F}.Release|x64.ActiveCfg = Release|x64
		{2B0877F6-4F04-46FA-9FBB-853B3C21B70F}.Release|x64.Build.0 = Release|x64
		{2B0877F6-4F04-46FA-9FBB-853B3C21B70F}.Release|x86.ActiveCfg = Release|Win32
		{2B0877F6-4F04-46FA-9FBB-853B3C21B70F}.Release|x86.Build.0 = Release|Win32
		{1C56A3B9-D10F-425A-9370-19C1A0128F47}.Debug|x64.ActiveCfg = Debug|x64
		{1C56A3B9-D10F-425A-9370-19C1A0128F47}.Debug|x64.Build.0 = Debug|x64
		{1C56A3B9-D10F-425A-9370-19C1A0128F47}.Debug|x86.ActiveCfg = Debug|Win32
		{1C56A3B9-D10F-425A-9370-19C1A0128F47}.Debug|x86.Build.0 = Debug|Win32
		{1C56A3B9-D10F-425A-9370-19C1A0128F47}.Release|x64.ActiveCfg = Release|x64
		{1C56A3B9-D10F-425A-9370-19C1A0128F47}.Release|x64.Build.0 = Release|x64
		{1C56A3B9-D10F-425A-9370-19C1A0128F47}.Release|x86.ActiveCfg = Release|Win32
		{1C56A3B9-D10F-425A-9370-19C1A0128F47}.Release|x86.Build.0 = Release|Win32
		{8CAFD0E5-9528-4C8D-BA5D-325E9D5F7E0F}.Debug|x64.ActiveCfg = Debug|x64
		{8CAFD0E5-9528-4C8D-BA5D-325E9D5F7E0F}.Debug|x64.Build.0 = Debug|x64
		{8CAFD0E5-9528-4C8D-BA5D-325E9D5F7E0F}.Debug|x86.ActiveCfg = Debug|Win32
		{8CAFD0E5-9528-4C8D-BA5D-325E9D5F7E0F}.Debug|x86.Build.0 = Debug|Win32
		{8CAFD0E5-9528-4C8D-BA5D-325E9D5F7E0F}.Release|x64.ActiveCfg = Release|x64
		{8CAFD0E5-9528-4C8D-BA5D-325E9D5F7E0F}.Release|x64.Build.0 = Release|x64
		{8CAFD0E5-9528-4C8D-BA5D-325E9D5F7E0F}.Release|x86.ActiveCfg = Release|Win32
		{8CAFD0E5-9528-4C8D-BA5D-325E9D5F7E0F}.Release|x86.Build.0 = Release|Win32
		{C3800D01-4D1C-444D-8746-F21F7F3FDCC5}.Debug|x64.ActiveCfg = Debug|x64
		{C3800D01-4D1C-444D-8746-F21F7F3FDCC5}.Debug|x64.Build.0 = Debug|x64
		{C3800D01-4D1C-444D-8746-F21F7F3FDCC5}.Debug|x86.ActiveCfg = Debug|Win32
		{C3800D01-4D1C-444D-8746-F21F7F3FDCC5}.Debug|x86.Build.0 = Debug|Win32
		{C3800D01-4D1C-444D-8746-F21F7F3FDCC5}.Release|x64.ActiveCfg = Release|x64
		{C3800D01-4D1C-444D-8746-F21F7F3FDCC5}.Release|x64.Build.0 = Release|x64
		{C3800D01-4D1C-444D-8746-F21F7F3FDCC5}.Release|x86.ActiveCfg = Release|Win32
		{C3800D01-4D1C-444D-8746-F21F7F3FDCC5}.Release|x86.Build.0 = Release|Win32
		{3246F830-39AD-4808-B3D8-1AA320C6DDA3}.Debug|x64.ActiveCfg = Debug|x64
		{3246F830-39AD-4808-B3D8-1AA320C6DDA3}.Debug|x64.Build.0 = Debug|x64
		{3246F830-39AD-4808-B3D8-1AA320C6DDA3}.Debug|x86.ActiveCfg = Debug|Win32
		{3246F830-39AD-4808-B3D8-1AA320C6DDA3}.Debug|x86.Build.0 = Debug|Win32
		{3246F830-39AD-4808-B3D8-1AA320C6DDA3}.Release|x64.ActiveCfg = Release|x64
		{3246F830-39AD-4808-B3D8-1AA320C6DDA3}.Release|x64.Build.0 = Release|x64
		{3246F830-39AD-4808-B3D8-1AA320C6DDA3}.Release|x86.ActiveCfg = Release|Win32
		{3246F830-39AD-4808-B3D8-1AA320C6DDA3}.Release|x86.Build.0 = Release|Win32
		{887A743F-7862-491D-9540-AF363D652351}.Debug|x64.ActiveCfg = Debug|x64
		{887A743F-7862-491D-9540-AF363D652351}.Debug|x64.Build.0 = Debug|x64
		{887A743F-7862-491D-9540-AF363D652351}.Debug|x86.ActiveCfg = Debug|Win32
		{887A743F-7862-491D-9540-AF363D652351}.Debug|x86.Build.0 = Debug|Win32
		{887A743F-7862-491D-9540-AF363D652351}.Release|x64.ActiveCfg = Release|x64
		{887A743F-7862-491D-9540-AF363D652351}.Release|x64.Build.0 = Release|x64
		{887A743F-7862-491D-9540-AF363D652351}.Release|x86.ActiveCfg = Release|Win32
		{887A743F-7862-491D-9540-AF363D652351}.Release|x86.Build.0 = Release|Win32
		{032FB7D9-A2A9-484C-8F5A-570BC62509D6}.Debug|x64.ActiveCfg = Debug|x64
		{032FB7D9-A2A9-484C-8F5A-570BC62509D6}.Debug|x64.Build.0 = Debug|x64
		{032FB7D9-A2A9-484C-8F5A-570BC62509D6}.Debug|x86.ActiveCfg = Debug|Win32
		{032FB7D9-A2A9-484C-8F5A-570BC62509D6}.Debug|x86.Build.0 = Debug|Win32
		{032FB7D9-A2A9-484C-8F5A-570BC62509D6}.Release|x64.ActiveCfg = Release|x64
		{032FB7D9-A2A9-484C-8F5A-570BC62509D6}.Release|x64.Build.0 = Release|x64
		{032FB7D9-A2A9-484C-8F5A-570BC62509D6}.Release|x86.ActiveCfg = Release|Win32
		{032FB7D9-A2A9-484C-8F5A-570BC62509D6}.Release|x86.Build.0 = Release|Win32
		{8DA567B9-5B58-44B3-AE92-ADD6145CB10C}.Debug|x64.ActiveCfg = Debug|x64
		{8DA567B9-5B58-44B3-AE92-ADD6145CB10C}.Debug|x64.Build.0 = Debug|x64
		{8DA567B9-5B58-44B3-AE92-ADD6145CB10C}.Debug|x86.ActiveCfg = Debug|Win32
		{8DA567B9-5B58-44B3-AE92-ADD6145CB10C}.Debug|x86.Build.0 = Debug|Win32
		{8DA567B9-5B58-44B3-AE92-ADD6145CB10C}.Release|x64.ActiveCfg = Release|x64
		{8DA567B9-5B58-44B3-AE92-ADD6145CB10C}.Release|x64.Build.0 = Release|x64
		{8DA567B9-5B58-44B3-AE92-ADD6145CB10C}.Release|x86.ActiveCfg = Release|Win32
		{8DA567B9-5B58-44B3-AE92-ADD6145CB10C}.Release|x86.Build.0 = Release|Win32
		{142233E6-8DF1-42FC-9E35-498ACA464B98}.Debug|x64.ActiveCfg = Debug|x64
		{142233E6-8DF1-42FC-9E35-498ACA464B98}.Debug|x64.Build.0 = Debug|x64
		{142233E6-8DF1-42FC-9E35-498ACA464B98}.Debug|x86.ActiveCfg = Debug|Win32
		{142233E6-8DF1-42FC-9E35-498ACA464B98}.Debug|x86.Build.0 = Debug|Win32
		{142233E6-8DF1-42FC-9E35-498ACA464B98}.Release|x64.ActiveCfg = Release|x64
		{142233E6-8DF1-42FC-9E35-498ACA464B98}.Release|x64.Build.0 = Release|x64
		{142233E6-8DF1-42FC-9E35-498ACA464B98}.Release|x86.ActiveCfg = Release|Win32
		{142233E6-8DF1-42FC-9E35-498ACA464B98}.Release|x86.Build.0 = Release|Win32
		{F31C373E-C9A5-433B-A952-84F586313DAE}.Debug|x64.ActiveCfg = Debug|x64
		{F31C373E-C9A5-433B-A952-84F586313DAE}.Debug|x64.Build.0 = Debug|x64
		{F31C373E-C9A5-433B-A952-84F586313DAE}.Debug|x86.ActiveCfg = Debug|Win32
		{F31C373E-C9A5-433B-A952-84F586313DAE}.Debug|x86.Build.0 = Debug|Win32
		{F31C373E-C9A5-433B-A952-84F586313DAE}.Release|x64.ActiveCfg = Release|x64
		{F31C373E-C9A5-433B-A952-84F586313DAE}.Release|x64.Build.0 = Release|x64
		{F31C373E-C9A5-433B-A952-84F586313DAE}.Release|x86.ActiveCfg = Release|Win32
		{F31C373E-C9A5-433B-A952-84F586313DAE}.Release|x86.Build.0 = Release|Win32
		{E89B4C20-D804-49C8-B163-DD0826EE958C}.Debug|x64.ActiveCfg = Debug|x64
		{E89B4C20-D804-49C8-B163-DD0826EE958C}.Debug|x64.Build.0 = Debug|x64
		{E89B4C20-D804-49C8-B163-DD0826EE958C}.Debug|x86.ActiveCfg = Debug|Win32
		{E89B4C20-D804-49C8-B163-DD0826EE958C}.Debug|x86.Build.0 = Debug|Win32
		{E89B4C20-D804-49C8-B163-DD0826EE958C}.Release|x64.ActiveCfg = Release|x64
		{E89B4C20-D804-49C8-B163-DD0826EE958C}.Release|x64.Build.0 = Release|x64
		{E89B4C20-D804-49C8-B163-DD0826EE958C}.Release|x86.ActiveCfg = Release|Win32
		{E89B4C20-D804-49C8-B163-DD0826EE958C}.Release|x86.Build.0 = Release|Win32
		{500E5256-1633-46B6-A875-DDF9630F8AF2}.Debug|x64.ActiveCfg = Debug|x64
		{500E5256-1633-46B6-A875-DDF9630F8AF2}.Debug|x64.Build.0 = Debug|x64
		{500E5256-1633-46B6-A875-DDF9630F8AF2}.Debug|x86.ActiveCfg = Debug|Win32
		{500E5256-1633-46B6-A875-DDF9630F8AF2}.Debug|x86.Build.0 = Debug|Win32
		{500E5256-1633-46B6-A875-DDF9630F8AF2}.Release|x64.ActiveCfg = Release|x64
		{500E5256-1633-46B6-A875-DDF9630F8AF2}.Release|x64.Build.0 = Release|x64
		{500E5256-1633-46B6-A875-DDF9630F8AF2}.Release|x86.ActiveCfg = Release|Win32
		{500E5256-1633-46B6-A875-DDF9630F8AF2}.Release|x86.Build.0 = Release|Win32
		{D1B64E14-EC7A-4C9C-974E-C6B1B4403BB6}.Debug|x64.ActiveCfg = Debug|x64
		{D1B64E14-EC7A-4C9C-974E-C6B1B4403BB6}.Debug|x64.Build.0 = Debug|x64
		{D1B64E14-EC7A-4C9C-974E-C6B1B4403BB6}.Debug|x86.ActiveCfg = Debug|Win32
		{D1B64E14-EC7A-4C9C-974E-C6B1B4403BB6}.Debug|x86.Build.0 = Debug|Win32
		{D1B64E14-EC7A-4C9C-974E-C6B1B4403BB6}.Release|x64.ActiveCfg = Release|x64
		{D1B64E14-EC7A-4C9C-974E-C6B1B4403BB6}.Release|x64.Build.0 = Release|x64
		{D1B64E14-EC7A-4C9C-974E-C6B1B4403BB6}.Release|x86.ActiveCfg = Release|Win32
		{D1B64E14-EC7A-4C9C-974E-C6B1B4403BB6}.Release|x86.Build.0 = Release|Win32
		{59265559-A8B1-4FAF-B2B8-74C874B7E6EC}.Debug|x64.ActiveCfg = Debug|x64
		{59265559-A8B1-4FAF-B2B8-74C874B7E6EC}.Debug|x64.Build.0 = Debug|x64
		{59265559-A8B1-4FAF-B2B8-74C874B7E6EC}.Debug|x86.ActiveCfg = Debug|Win32
		{59265559-A8B1-4FAF-B2B8-74C874B7E6EC}.Debug|x86.Build.0 = Debug|Win32
		{59265559-A8B1-4FAF-B2B8-74C874B7E6EC}.Release|x64.ActiveCfg = Release|x64
		{59265559-A8B1-4FAF-B2B8-74C874B7E6EC}.Release|x64.Build.0 = Release|x64
		{59265559-A8B1-4FAF-B2B8-74C874B7E6EC}.Release|x86.ActiveCfg = Release|Win32
		{59265559-A8B1-4FAF-B2B8-74C874B7E6EC}.Release|x86.Build.0 = Release|Win32
		{EB5E4CA0-6D73-4E9C-9953-144C6D4C308E}.Debug|x64.ActiveCfg = Debug|x64
		{EB5E4CA0-6D73-4E9C-9953-144C6D4C308E}.Debug|x64.Build.0 = Debug|x64
		{EB5E4CA0-6D73-4E9C-9953-144C6D4C308E}.Debug|x86.ActiveCfg = Debug|Win32
		{EB5E4CA0-6D73-4E9C-9953-144C6D4C308E}.Debug|x86.Build.0 = Debug|Win32
		{EB5E4CA0-6D73-4E9C-9953-144C6D4C308E}.Release|x64.ActiveCfg = Release|x64
		{EB5E4CA0-6D73-4E9C-9953-144C6D4C308E}.Release|x64.Build.0 = Release|x64
		{EB5E4CA0-6D73-4E9C-9953-144C6D4C308E}.Release|x86.ActiveCfg = Release|Win32
		{EB5E4CA0-6D73-4E9C-9953-144C6D4C308E}.Release|x86.Build.0 = Release|Win32
	EndGlobalSection
	GlobalSection(SolutionProperties) = preSolution
		HideSolutionNode = FALSE
	EndGlobalSection
	GlobalSection(ExtensibilityGlobals) = postSolution
		SolutionGuid = {2F4CBE2D-C492-4343-B7D4-CFF9CAA3655E}
	EndGlobalSection
EndGlobal
