
Microsoft Visual Studio Solution File, Format Version 12.00
# Visual Studio 15
VisualStudioVersion = 15.0.28307.1259
MinimumVisualStudioVersion = 10.0.40219.1
Project("{8BC9CEB8-8B4A-11D0-8D11-00A0C91BC942}") = "1000", "1000\1000.vcxproj", "{200BDA17-4902-442D-93FC-94BA3DCC675F}"
EndProject
Project("{8BC9CEB8-8B4A-11D0-8D11-00A0C91BC942}") = "1012", "1012\1012.vcxproj", "{FA97A3E8-710E-49DC-B6CE-1E3DAE34D5BD}"
EndProject
Project("{8BC9CEB8-8B4A-11D0-8D11-00A0C91BC942}") = "1013", "1013\1013.vcxproj", "{5433D70C-2891-4E66-8A4C-5899E6ED7DBE}"
EndProject
Project("{8BC9CEB8-8B4A-11D0-8D11-00A0C91BC942}") = "1015", "1015\1015.vcxproj", "{FA5C2ABF-4400-4CE1-B8E8-9B9158421C27}"
EndProject
Project("{8BC9CEB8-8B4A-11D0-8D11-00A0C91BC942}") = "1018", "1018\1018.vcxproj", "{7F08DB69-7EF2-4C6D-B3EE-AB6B72C5F0CF}"
EndProject
Project("{8BC9CEB8-8B4A-11D0-8D11-00A0C91BC942}") = "1019", "1019\1019.vcxproj", "{48D5183A-07EC-4CBA-BF5E-689D7DE48D22}"
EndProject
Project("{8BC9CEB8-8B4A-11D0-8D11-00A0C91BC942}") = "1021", "1021\1021.vcxproj", "{3E8E97B7-9501-490E-BAE0-E62617BBCC8F}"
EndProject
Project("{8BC9CEB8-8B4A-11D0-8D11-00A0C91BC942}") = "10926", "10926\10926.vcxproj", "{C84D2B4B-8B75-4513-BC7A-B8CE5E4B5200}"
EndProject
Project("{8BC9CEB8-8B4A-11D0-8D11-00A0C91BC942}") = "18108", "18108\18108.vcxproj", "{B46FC79E-C718-4593-AD90-5311CEAC35CC}"
EndProject
Global
	GlobalSection(SolutionConfigurationPlatforms) = preSolution
		Debug|x64 = Debug|x64
		Debug|x86 = Debug|x86
		Release|x64 = Release|x64
		Release|x86 = Release|x86
	EndGlobalSection
	GlobalSection(ProjectConfigurationPlatforms) = postSolution
		{200BDA17-4902-442D-93FC-94BA3DCC675F}.Debug|x64.ActiveCfg = Debug|x64
		{200BDA17-4902-442D-93FC-94BA3DCC675F}.Debug|x64.Build.0 = Debug|x64
		{200BDA17-4902-442D-93FC-94BA3DCC675F}.Debug|x86.ActiveCfg = Debug|Win32
		{200BDA17-4902-442D-93FC-94BA3DCC675F}.Debug|x86.Build.0 = Debug|Win32
		{200BDA17-4902-442D-93FC-94BA3DCC675F}.Release|x64.ActiveCfg = Release|x64
		{200BDA17-4902-442D-93FC-94BA3DCC675F}.Release|x64.Build.0 = Release|x64
		{200BDA17-4902-442D-93FC-94BA3DCC675F}.Release|x86.ActiveCfg = Release|Win32
		{200BDA17-4902-442D-93FC-94BA3DCC675F}.Release|x86.Build.0 = Release|Win32
		{FA97A3E8-710E-49DC-B6CE-1E3DAE34D5BD}.Debug|x64.ActiveCfg = Debug|x64
		{FA97A3E8-710E-49DC-B6CE-1E3DAE34D5BD}.Debug|x64.Build.0 = Debug|x64
		{FA97A3E8-710E-49DC-B6CE-1E3DAE34D5BD}.Debug|x86.ActiveCfg = Debug|Win32
		{FA97A3E8-710E-49DC-B6CE-1E3DAE34D5BD}.Debug|x86.Build.0 = Debug|Win32
		{FA97A3E8-710E-49DC-B6CE-1E3DAE34D5BD}.Release|x64.ActiveCfg = Release|x64
		{FA97A3E8-710E-49DC-B6CE-1E3DAE34D5BD}.Release|x64.Build.0 = Release|x64
		{FA97A3E8-710E-49DC-B6CE-1E3DAE34D5BD}.Release|x86.ActiveCfg = Release|Win32
		{FA97A3E8-710E-49DC-B6CE-1E3DAE34D5BD}.Release|x86.Build.0 = Release|Win32
		{5433D70C-2891-4E66-8A4C-5899E6ED7DBE}.Debug|x64.ActiveCfg = Debug|x64
		{5433D70C-2891-4E66-8A4C-5899E6ED7DBE}.Debug|x64.Build.0 = Debug|x64
		{5433D70C-2891-4E66-8A4C-5899E6ED7DBE}.Debug|x86.ActiveCfg = Debug|Win32
		{5433D70C-2891-4E66-8A4C-5899E6ED7DBE}.Debug|x86.Build.0 = Debug|Win32
		{5433D70C-2891-4E66-8A4C-5899E6ED7DBE}.Release|x64.ActiveCfg = Release|x64
		{5433D70C-2891-4E66-8A4C-5899E6ED7DBE}.Release|x64.Build.0 = Release|x64
		{5433D70C-2891-4E66-8A4C-5899E6ED7DBE}.Release|x86.ActiveCfg = Release|Win32
		{5433D70C-2891-4E66-8A4C-5899E6ED7DBE}.Release|x86.Build.0 = Release|Win32
		{FA5C2ABF-4400-4CE1-B8E8-9B9158421C27}.Debug|x64.ActiveCfg = Debug|x64
		{FA5C2ABF-4400-4CE1-B8E8-9B9158421C27}.Debug|x64.Build.0 = Debug|x64
		{FA5C2ABF-4400-4CE1-B8E8-9B9158421C27}.Debug|x86.ActiveCfg = Debug|Win32
		{FA5C2ABF-4400-4CE1-B8E8-9B9158421C27}.Debug|x86.Build.0 = Debug|Win32
		{FA5C2ABF-4400-4CE1-B8E8-9B9158421C27}.Release|x64.ActiveCfg = Release|x64
		{FA5C2ABF-4400-4CE1-B8E8-9B9158421C27}.Release|x64.Build.0 = Release|x64
		{FA5C2ABF-4400-4CE1-B8E8-9B9158421C27}.Release|x86.ActiveCfg = Release|Win32
		{FA5C2ABF-4400-4CE1-B8E8-9B9158421C27}.Release|x86.Build.0 = Release|Win32
		{7F08DB69-7EF2-4C6D-B3EE-AB6B72C5F0CF}.Debug|x64.ActiveCfg = Debug|x64
		{7F08DB69-7EF2-4C6D-B3EE-AB6B72C5F0CF}.Debug|x64.Build.0 = Debug|x64
		{7F08DB69-7EF2-4C6D-B3EE-AB6B72C5F0CF}.Debug|x86.ActiveCfg = Debug|Win32
		{7F08DB69-7EF2-4C6D-B3EE-AB6B72C5F0CF}.Debug|x86.Build.0 = Debug|Win32
		{7F08DB69-7EF2-4C6D-B3EE-AB6B72C5F0CF}.Release|x64.ActiveCfg = Release|x64
		{7F08DB69-7EF2-4C6D-B3EE-AB6B72C5F0CF}.Release|x64.Build.0 = Release|x64
		{7F08DB69-7EF2-4C6D-B3EE-AB6B72C5F0CF}.Release|x86.ActiveCfg = Release|Win32
		{7F08DB69-7EF2-4C6D-B3EE-AB6B72C5F0CF}.Release|x86.Build.0 = Release|Win32
		{48D5183A-07EC-4CBA-BF5E-689D7DE48D22}.Debug|x64.ActiveCfg = Debug|x64
		{48D5183A-07EC-4CBA-BF5E-689D7DE48D22}.Debug|x64.Build.0 = Debug|x64
		{48D5183A-07EC-4CBA-BF5E-689D7DE48D22}.Debug|x86.ActiveCfg = Debug|Win32
		{48D5183A-07EC-4CBA-BF5E-689D7DE48D22}.Debug|x86.Build.0 = Debug|Win32
		{48D5183A-07EC-4CBA-BF5E-689D7DE48D22}.Release|x64.ActiveCfg = Release|x64
		{48D5183A-07EC-4CBA-BF5E-689D7DE48D22}.Release|x64.Build.0 = Release|x64
		{48D5183A-07EC-4CBA-BF5E-689D7DE48D22}.Release|x86.ActiveCfg = Release|Win32
		{48D5183A-07EC-4CBA-BF5E-689D7DE48D22}.Release|x86.Build.0 = Release|Win32
		{3E8E97B7-9501-490E-BAE0-E62617BBCC8F}.Debug|x64.ActiveCfg = Debug|x64
		{3E8E97B7-9501-490E-BAE0-E62617BBCC8F}.Debug|x64.Build.0 = Debug|x64
		{3E8E97B7-9501-490E-BAE0-E62617BBCC8F}.Debug|x86.ActiveCfg = Debug|Win32
		{3E8E97B7-9501-490E-BAE0-E62617BBCC8F}.Debug|x86.Build.0 = Debug|Win32
		{3E8E97B7-9501-490E-BAE0-E62617BBCC8F}.Release|x64.ActiveCfg = Release|x64
		{3E8E97B7-9501-490E-BAE0-E62617BBCC8F}.Release|x64.Build.0 = Release|x64
		{3E8E97B7-9501-490E-BAE0-E62617BBCC8F}.Release|x86.ActiveCfg = Release|Win32
		{3E8E97B7-9501-490E-BAE0-E62617BBCC8F}.Release|x86.Build.0 = Release|Win32
		{C84D2B4B-8B75-4513-BC7A-B8CE5E4B5200}.Debug|x64.ActiveCfg = Debug|x64
		{C84D2B4B-8B75-4513-BC7A-B8CE5E4B5200}.Debug|x64.Build.0 = Debug|x64
		{C84D2B4B-8B75-4513-BC7A-B8CE5E4B5200}.Debug|x86.ActiveCfg = Debug|Win32
		{C84D2B4B-8B75-4513-BC7A-B8CE5E4B5200}.Debug|x86.Build.0 = Debug|Win32
		{C84D2B4B-8B75-4513-BC7A-B8CE5E4B5200}.Release|x64.ActiveCfg = Release|x64
		{C84D2B4B-8B75-4513-BC7A-B8CE5E4B5200}.Release|x64.Build.0 = Release|x64
		{C84D2B4B-8B75-4513-BC7A-B8CE5E4B5200}.Release|x86.ActiveCfg = Release|Win32
		{C84D2B4B-8B75-4513-BC7A-B8CE5E4B5200}.Release|x86.Build.0 = Release|Win32
		{B46FC79E-C718-4593-AD90-5311CEAC35CC}.Debug|x64.ActiveCfg = Debug|x64
		{B46FC79E-C718-4593-AD90-5311CEAC35CC}.Debug|x64.Build.0 = Debug|x64
		{B46FC79E-C718-4593-AD90-5311CEAC35CC}.Debug|x86.ActiveCfg = Debug|Win32
		{B46FC79E-C718-4593-AD90-5311CEAC35CC}.Debug|x86.Build.0 = Debug|Win32
		{B46FC79E-C718-4593-AD90-5311CEAC35CC}.Release|x64.ActiveCfg = Release|x64
		{B46FC79E-C718-4593-AD90-5311CEAC35CC}.Release|x64.Build.0 = Release|x64
		{B46FC79E-C718-4593-AD90-5311CEAC35CC}.Release|x86.ActiveCfg = Release|Win32
		{B46FC79E-C718-4593-AD90-5311CEAC35CC}.Release|x86.Build.0 = Release|Win32
	EndGlobalSection
	GlobalSection(SolutionProperties) = preSolution
		HideSolutionNode = FALSE
	EndGlobalSection
	GlobalSection(ExtensibilityGlobals) = postSolution
		SolutionGuid = {2F4CBE2D-C492-4343-B7D4-CFF9CAA3655E}
	EndGlobalSection
EndGlobal
